// !$*UTF8*$!
{
	archiveVersion = 1;
	classes = {
	};
	objectVersion = 56;
	objects = {

/* Begin PBXBuildFile section */
		A97117AE2BBFC65E0095C256 /* TravelPlaylistApp.swift in Sources */ = {isa = PBXBuildFile; fileRef = A97117AD2BBFC65E0095C256 /* TravelPlaylistApp.swift */; };
		A97117B02BBFC65E0095C256 /* ContentView.swift in Sources */ = {isa = PBXBuildFile; fileRef = A97117AF2BBFC65E0095C256 /* ContentView.swift */; };
		A97117B22BBFC6600095C256 /* Assets.xcassets in Resources */ = {isa = PBXBuildFile; fileRef = A97117B12BBFC6600095C256 /* Assets.xcassets */; };
		A97117B52BBFC6600095C256 /* Preview Assets.xcassets in Resources */ = {isa = PBXBuildFile; fileRef = A97117B42BBFC6600095C256 /* Preview Assets.xcassets */; };
		A97117BF2BBFC6600095C256 /* TravelPlaylistTests.swift in Sources */ = {isa = PBXBuildFile; fileRef = A97117BE2BBFC6600095C256 /* TravelPlaylistTests.swift */; };
		A97117C92BBFC6610095C256 /* TravelPlaylistUITests.swift in Sources */ = {isa = PBXBuildFile; fileRef = A97117C82BBFC6610095C256 /* TravelPlaylistUITests.swift */; };
		A97117CB2BBFC6610095C256 /* TravelPlaylistUITestsLaunchTests.swift in Sources */ = {isa = PBXBuildFile; fileRef = A97117CA2BBFC6610095C256 /* TravelPlaylistUITestsLaunchTests.swift */; };
/* End PBXBuildFile section */

/* Begin PBXContainerItemProxy section */
		A97117BB2BBFC6600095C256 /* PBXContainerItemProxy */ = {
			isa = PBXContainerItemProxy;
			containerPortal = A97117A22BBFC65E0095C256 /* Project object */;
			proxyType = 1;
			remoteGlobalIDString = A97117A92BBFC65E0095C256;
			remoteInfo = TravelPlaylist;
		};
		A97117C52BBFC6600095C256 /* PBXContainerItemProxy */ = {
			isa = PBXContainerItemProxy;
			containerPortal = A97117A22BBFC65E0095C256 /* Project object */;
			proxyType = 1;
			remoteGlobalIDString = A97117A92BBFC65E0095C256;
			remoteInfo = TravelPlaylist;
		};
/* End PBXContainerItemProxy section */

/* Begin PBXFileReference section */
		A97117AA2BBFC65E0095C256 /* TravelPlaylist.app */ = {isa = PBXFileReference; explicitFileType = wrapper.application; includeInIndex = 0; path = TravelPlaylist.app; sourceTree = BUILT_PRODUCTS_DIR; };
		A97117AD2BBFC65E0095C256 /* TravelPlaylistApp.swift */ = {isa = PBXFileReference; lastKnownFileType = sourcecode.swift; path = TravelPlaylistApp.swift; sourceTree = "<group>"; };
		A97117AF2BBFC65E0095C256 /* ContentView.swift */ = {isa = PBXFileReference; lastKnownFileType = sourcecode.swift; path = ContentView.swift; sourceTree = "<group>"; };
		A97117B12BBFC6600095C256 /* Assets.xcassets */ = {isa = PBXFileReference; lastKnownFileType = folder.assetcatalog; path = Assets.xcassets; sourceTree = "<group>"; };
		A97117B42BBFC6600095C256 /* Preview Assets.xcassets */ = {isa = PBXFileReference; lastKnownFileType = folder.assetcatalog; path = "Preview Assets.xcassets"; sourceTree = "<group>"; };
		A97117BA2BBFC6600095C256 /* TravelPlaylistTests.xctest */ = {isa = PBXFileReference; explicitFileType = wrapper.cfbundle; includeInIndex = 0; path = TravelPlaylistTests.xctest; sourceTree = BUILT_PRODUCTS_DIR; };
		A97117BE2BBFC6600095C256 /* TravelPlaylistTests.swift */ = {isa = PBXFileReference; lastKnownFileType = sourcecode.swift; path = TravelPlaylistTests.swift; sourceTree = "<group>"; };
		A97117C42BBFC6600095C256 /* TravelPlaylistUITests.xctest */ = {isa = PBXFileReference; explicitFileType = wrapper.cfbundle; includeInIndex = 0; path = TravelPlaylistUITests.xctest; sourceTree = BUILT_PRODUCTS_DIR; };
		A97117C82BBFC6610095C256 /* TravelPlaylistUITests.swift */ = {isa = PBXFileReference; lastKnownFileType = sourcecode.swift; path = TravelPlaylistUITests.swift; sourceTree = "<group>"; };
		A97117CA2BBFC6610095C256 /* TravelPlaylistUITestsLaunchTests.swift */ = {isa = PBXFileReference; lastKnownFileType = sourcecode.swift; path = TravelPlaylistUITestsLaunchTests.swift; sourceTree = "<group>"; };
/* End PBXFileReference section */

/* Begin PBXFrameworksBuildPhase section */
		A97117A72BBFC65E0095C256 /* Frameworks */ = {
			isa = PBXFrameworksBuildPhase;
			buildActionMask = 2147483647;
			files = (
			);
			runOnlyForDeploymentPostprocessing = 0;
		};
		A97117B72BBFC6600095C256 /* Frameworks */ = {
			isa = PBXFrameworksBuildPhase;
			buildActionMask = 2147483647;
			files = (
			);
			runOnlyForDeploymentPostprocessing = 0;
		};
		A97117C12BBFC6600095C256 /* Frameworks */ = {
			isa = PBXFrameworksBuildPhase;
			buildActionMask = 2147483647;
			files = (
			);
			runOnlyForDeploymentPostprocessing = 0;
		};
/* End PBXFrameworksBuildPhase section */

/* Begin PBXGroup section */
		A97117A12BBFC65E0095C256 = {
			isa = PBXGroup;
			children = (
				A97117AC2BBFC65E0095C256 /* TravelPlaylist */,
				A97117BD2BBFC6600095C256 /* TravelPlaylistTests */,
				A97117C72BBFC6600095C256 /* TravelPlaylistUITests */,
				A97117AB2BBFC65E0095C256 /* Products */,
			);
			sourceTree = "<group>";
		};
		A97117AB2BBFC65E0095C256 /* Products */ = {
			isa = PBXGroup;
			children = (
				A97117AA2BBFC65E0095C256 /* TravelPlaylist.app */,
				A97117BA2BBFC6600095C256 /* TravelPlaylistTests.xctest */,
				A97117C42BBFC6600095C256 /* TravelPlaylistUITests.xctest */,
			);
			name = Products;
			sourceTree = "<group>";
		};
		A97117AC2BBFC65E0095C256 /* TravelPlaylist */ = {
			isa = PBXGroup;
			children = (
				A97117AD2BBFC65E0095C256 /* TravelPlaylistApp.swift */,
				A97117AF2BBFC65E0095C256 /* ContentView.swift */,
				A97117B12BBFC6600095C256 /* Assets.xcassets */,
				A97117B32BBFC6600095C256 /* Preview Content */,
			);
			path = TravelPlaylist;
			sourceTree = "<group>";
		};
		A97117B32BBFC6600095C256 /* Preview Content */ = {
			isa = PBXGroup;
			children = (
				A97117B42BBFC6600095C256 /* Preview Assets.xcassets */,
			);
			path = "Preview Content";
			sourceTree = "<group>";
		};
		A97117BD2BBFC6600095C256 /* TravelPlaylistTests */ = {
			isa = PBXGroup;
			children = (
				A97117BE2BBFC6600095C256 /* TravelPlaylistTests.swift */,
			);
			path = TravelPlaylistTests;
			sourceTree = "<group>";
		};
		A97117C72BBFC6600095C256 /* TravelPlaylistUITests */ = {
			isa = PBXGroup;
			children = (
				A97117C82BBFC6610095C256 /* TravelPlaylistUITests.swift */,
				A97117CA2BBFC6610095C256 /* TravelPlaylistUITestsLaunchTests.swift */,
			);
			path = TravelPlaylistUITests;
			sourceTree = "<group>";
		};
/* End PBXGroup section */

/* Begin PBXNativeTarget section */
		A97117A92BBFC65E0095C256 /* TravelPlaylist */ = {
			isa = PBXNativeTarget;
			buildConfigurationList = A97117CE2BBFC6610095C256 /* Build configuration list for PBXNativeTarget "TravelPlaylist" */;
			buildPhases = (
				A97117A62BBFC65E0095C256 /* Sources */,
				A97117A72BBFC65E0095C256 /* Frameworks */,
				A97117A82BBFC65E0095C256 /* Resources */,
			);
			buildRules = (
			);
			dependencies = (
			);
			name = TravelPlaylist;
			productName = TravelPlaylist;
			productReference = A97117AA2BBFC65E0095C256 /* TravelPlaylist.app */;
			productType = "com.apple.product-type.application";
		};
		A97117B92BBFC6600095C256 /* TravelPlaylistTests */ = {
			isa = PBXNativeTarget;
			buildConfigurationList = A97117D12BBFC6610095C256 /* Build configuration list for PBXNativeTarget "TravelPlaylistTests" */;
			buildPhases = (
				A97117B62BBFC6600095C256 /* Sources */,
				A97117B72BBFC6600095C256 /* Frameworks */,
				A97117B82BBFC6600095C256 /* Resources */,
			);
			buildRules = (
			);
			dependencies = (
				A97117BC2BBFC6600095C256 /* PBXTargetDependency */,
			);
			name = TravelPlaylistTests;
			productName = TravelPlaylistTests;
			productReference = A97117BA2BBFC6600095C256 /* TravelPlaylistTests.xctest */;
			productType = "com.apple.product-type.bundle.unit-test";
		};
		A97117C32BBFC6600095C256 /* TravelPlaylistUITests */ = {
			isa = PBXNativeTarget;
			buildConfigurationList = A97117D42BBFC6610095C256 /* Build configuration list for PBXNativeTarget "TravelPlaylistUITests" */;
			buildPhases = (
				A97117C02BBFC6600095C256 /* Sources */,
				A97117C12BBFC6600095C256 /* Frameworks */,
				A97117C22BBFC6600095C256 /* Resources */,
			);
			buildRules = (
			);
			dependencies = (
				A97117C62BBFC6600095C256 /* PBXTargetDependency */,
			);
			name = TravelPlaylistUITests;
			productName = TravelPlaylistUITests;
			productReference = A97117C42BBFC6600095C256 /* TravelPlaylistUITests.xctest */;
			productType = "com.apple.product-type.bundle.ui-testing";
		};
/* End PBXNativeTarget section */

/* Begin PBXProject section */
		A97117A22BBFC65E0095C256 /* Project object */ = {
			isa = PBXProject;
			attributes = {
				BuildIndependentTargetsInParallel = 1;
				LastSwiftUpdateCheck = 1530;
				LastUpgradeCheck = 1530;
				TargetAttributes = {
					A97117A92BBFC65E0095C256 = {
						CreatedOnToolsVersion = 15.3;
					};
					A97117B92BBFC6600095C256 = {
						CreatedOnToolsVersion = 15.3;
						TestTargetID = A97117A92BBFC65E0095C256;
					};
					A97117C32BBFC6600095C256 = {
						CreatedOnToolsVersion = 15.3;
						TestTargetID = A97117A92BBFC65E0095C256;
					};
				};
			};
			buildConfigurationList = A97117A52BBFC65E0095C256 /* Build configuration list for PBXProject "TravelPlaylist" */;
			compatibilityVersion = "Xcode 14.0";
			developmentRegion = en;
			hasScannedForEncodings = 0;
			knownRegions = (
				en,
				Base,
			);
			mainGroup = A97117A12BBFC65E0095C256;
			productRefGroup = A97117AB2BBFC65E0095C256 /* Products */;
			projectDirPath = "";
			projectRoot = "";
			targets = (
				A97117A92BBFC65E0095C256 /* TravelPlaylist */,
				A97117B92BBFC6600095C256 /* TravelPlaylistTests */,
				A97117C32BBFC6600095C256 /* TravelPlaylistUITests */,
			);
		};
/* End PBXProject section */

/* Begin PBXResourcesBuildPhase section */
		A97117A82BBFC65E0095C256 /* Resources */ = {
			isa = PBXResourcesBuildPhase;
			buildActionMask = 2147483647;
			files = (
				A97117B52BBFC6600095C256 /* Preview Assets.xcassets in Resources */,
				A97117B22BBFC6600095C256 /* Assets.xcassets in Resources */,
			);
			runOnlyForDeploymentPostprocessing = 0;
		};
		A97117B82BBFC6600095C256 /* Resources */ = {
			isa = PBXResourcesBuildPhase;
			buildActionMask = 2147483647;
			files = (
			);
			runOnlyForDeploymentPostprocessing = 0;
		};
		A97117C22BBFC6600095C256 /* Resources */ = {
			isa = PBXResourcesBuildPhase;
			buildActionMask = 2147483647;
			files = (
			);
			runOnlyForDeploymentPostprocessing = 0;
		};
/* End PBXResourcesBuildPhase section */

/* Begin PBXSourcesBuildPhase section */
		A97117A62BBFC65E0095C256 /* Sources */ = {
			isa = PBXSourcesBuildPhase;
			buildActionMask = 2147483647;
			files = (
				A97117B02BBFC65E0095C256 /* ContentView.swift in Sources */,
				A97117AE2BBFC65E0095C256 /* TravelPlaylistApp.swift in Sources */,
			);
			runOnlyForDeploymentPostprocessing = 0;
		};
		A97117B62BBFC6600095C256 /* Sources */ = {
			isa = PBXSourcesBuildPhase;
			buildActionMask = 2147483647;
			files = (
				A97117BF2BBFC6600095C256 /* TravelPlaylistTests.swift in Sources */,
			);
			runOnlyForDeploymentPostprocessing = 0;
		};
		A97117C02BBFC6600095C256 /* Sources */ = {
			isa = PBXSourcesBuildPhase;
			buildActionMask = 2147483647;
			files = (
				A97117CB2BBFC6610095C256 /* TravelPlaylistUITestsLaunchTests.swift in Sources */,
				A97117C92BBFC6610095C256 /* TravelPlaylistUITests.swift in Sources */,
			);
			runOnlyForDeploymentPostprocessing = 0;
		};
/* End PBXSourcesBuildPhase section */

/* Begin PBXTargetDependency section */
		A97117BC2BBFC6600095C256 /* PBXTargetDependency */ = {
			isa = PBXTargetDependency;
			target = A97117A92BBFC65E0095C256 /* TravelPlaylist */;
			targetProxy = A97117BB2BBFC6600095C256 /* PBXContainerItemProxy */;
		};
		A97117C62BBFC6600095C256 /* PBXTargetDependency */ = {
			isa = PBXTargetDependency;
			target = A97117A92BBFC65E0095C256 /* TravelPlaylist */;
			targetProxy = A97117C52BBFC6600095C256 /* PBXContainerItemProxy */;
		};
/* End PBXTargetDependency section */

/* Begin XCBuildConfiguration section */
		A97117CC2BBFC6610095C256 /* Debug */ = {
			isa = XCBuildConfiguration;
			buildSettings = {
				ALWAYS_SEARCH_USER_PATHS = NO;
				ASSETCATALOG_COMPILER_GENERATE_SWIFT_ASSET_SYMBOL_EXTENSIONS = YES;
				CLANG_ANALYZER_NONNULL = YES;
				CLANG_ANALYZER_NUMBER_OBJECT_CONVERSION = YES_AGGRESSIVE;
				CLANG_CXX_LANGUAGE_STANDARD = "gnu++20";
				CLANG_ENABLE_MODULES = YES;
				CLANG_ENABLE_OBJC_ARC = YES;
				CLANG_ENABLE_OBJC_WEAK = YES;
				CLANG_WARN_BLOCK_CAPTURE_AUTORELEASING = YES;
				CLANG_WARN_BOOL_CONVERSION = YES;
				CLANG_WARN_COMMA = YES;
				CLANG_WARN_CONSTANT_CONVERSION = YES;
				CLANG_WARN_DEPRECATED_OBJC_IMPLEMENTATIONS = YES;
				CLANG_WARN_DIRECT_OBJC_ISA_USAGE = YES_ERROR;
				CLANG_WARN_DOCUMENTATION_COMMENTS = YES;
				CLANG_WARN_EMPTY_BODY = YES;
				CLANG_WARN_ENUM_CONVERSION = YES;
				CLANG_WARN_INFINITE_RECURSION = YES;
				CLANG_WARN_INT_CONVERSION = YES;
				CLANG_WARN_NON_LITERAL_NULL_CONVERSION = YES;
				CLANG_WARN_OBJC_IMPLICIT_RETAIN_SELF = YES;
				CLANG_WARN_OBJC_LITERAL_CONVERSION = YES;
				CLANG_WARN_OBJC_ROOT_CLASS = YES_ERROR;
				CLANG_WARN_QUOTED_INCLUDE_IN_FRAMEWORK_HEADER = YES;
				CLANG_WARN_RANGE_LOOP_ANALYSIS = YES;
				CLANG_WARN_STRICT_PROTOTYPES = YES;
				CLANG_WARN_SUSPICIOUS_MOVE = YES;
				CLANG_WARN_UNGUARDED_AVAILABILITY = YES_AGGRESSIVE;
				CLANG_WARN_UNREACHABLE_CODE = YES;
				CLANG_WARN__DUPLICATE_METHOD_MATCH = YES;
				COPY_PHASE_STRIP = NO;
				DEBUG_INFORMATION_FORMAT = dwarf;
				ENABLE_STRICT_OBJC_MSGSEND = YES;
				ENABLE_TESTABILITY = YES;
				ENABLE_USER_SCRIPT_SANDBOXING = YES;
				GCC_C_LANGUAGE_STANDARD = gnu17;
				GCC_DYNAMIC_NO_PIC = NO;
				GCC_NO_COMMON_BLOCKS = YES;
				GCC_OPTIMIZATION_LEVEL = 0;
				GCC_PREPROCESSOR_DEFINITIONS = (
					"DEBUG=1",
					"$(inherited)",
				);
				GCC_WARN_64_TO_32_BIT_CONVERSION = YES;
				GCC_WARN_ABOUT_RETURN_TYPE = YES_ERROR;
				GCC_WARN_UNDECLARED_SELECTOR = YES;
				GCC_WARN_UNINITIALIZED_AUTOS = YES_AGGRESSIVE;
				GCC_WARN_UNUSED_FUNCTION = YES;
				GCC_WARN_UNUSED_VARIABLE = YES;
				IPHONEOS_DEPLOYMENT_TARGET = 17.4;
				LOCALIZATION_PREFERS_STRING_CATALOGS = YES;
				MTL_ENABLE_DEBUG_INFO = INCLUDE_SOURCE;
				MTL_FAST_MATH = YES;
				ONLY_ACTIVE_ARCH = YES;
				SDKROOT = iphoneos;
				SWIFT_ACTIVE_COMPILATION_CONDITIONS = "DEBUG $(inherited)";
				SWIFT_OPTIMIZATION_LEVEL = "-Onone";
			};
			name = Debug;
		};
		A97117CD2BBFC6610095C256 /* Release */ = {
			isa = XCBuildConfiguration;
			buildSettings = {
				ALWAYS_SEARCH_USER_PATHS = NO;
				ASSETCATALOG_COMPILER_GENERATE_SWIFT_ASSET_SYMBOL_EXTENSIONS = YES;
				CLANG_ANALYZER_NONNULL = YES;
				CLANG_ANALYZER_NUMBER_OBJECT_CONVERSION = YES_AGGRESSIVE;
				CLANG_CXX_LANGUAGE_STANDARD = "gnu++20";
				CLANG_ENABLE_MODULES = YES;
				CLANG_ENABLE_OBJC_ARC = YES;
				CLANG_ENABLE_OBJC_WEAK = YES;
				CLANG_WARN_BLOCK_CAPTURE_AUTORELEASING = YES;
				CLANG_WARN_BOOL_CONVERSION = YES;
				CLANG_WARN_COMMA = YES;
				CLANG_WARN_CONSTANT_CONVERSION = YES;
				CLANG_WARN_DEPRECATED_OBJC_IMPLEMENTATIONS = YES;
				CLANG_WARN_DIRECT_OBJC_ISA_USAGE = YES_ERROR;
				CLANG_WARN_DOCUMENTATION_COMMENTS = YES;
				CLANG_WARN_EMPTY_BODY = YES;
				CLANG_WARN_ENUM_CONVERSION = YES;
				CLANG_WARN_INFINITE_RECURSION = YES;
				CLANG_WARN_INT_CONVERSION = YES;
				CLANG_WARN_NON_LITERAL_NULL_CONVERSION = YES;
				CLANG_WARN_OBJC_IMPLICIT_RETAIN_SELF = YES;
				CLANG_WARN_OBJC_LITERAL_CONVERSION = YES;
				CLANG_WARN_OBJC_ROOT_CLASS = YES_ERROR;
				CLANG_WARN_QUOTED_INCLUDE_IN_FRAMEWORK_HEADER = YES;
				CLANG_WARN_RANGE_LOOP_ANALYSIS = YES;
				CLANG_WARN_STRICT_PROTOTYPES = YES;
				CLANG_WARN_SUSPICIOUS_MOVE = YES;
				CLANG_WARN_UNGUARDED_AVAILABILITY = YES_AGGRESSIVE;
				CLANG_WARN_UNREACHABLE_CODE = YES;
				CLANG_WARN__DUPLICATE_METHOD_MATCH = YES;
				COPY_PHASE_STRIP = NO;
				DEBUG_INFORMATION_FORMAT = "dwarf-with-dsym";
				ENABLE_NS_ASSERTIONS = NO;
				ENABLE_STRICT_OBJC_MSGSEND = YES;
				ENABLE_USER_SCRIPT_SANDBOXING = YES;
				GCC_C_LANGUAGE_STANDARD = gnu17;
				GCC_NO_COMMON_BLOCKS = YES;
				GCC_WARN_64_TO_32_BIT_CONVERSION = YES;
				GCC_WARN_ABOUT_RETURN_TYPE = YES_ERROR;
				GCC_WARN_UNDECLARED_SELECTOR = YES;
				GCC_WARN_UNINITIALIZED_AUTOS = YES_AGGRESSIVE;
				GCC_WARN_UNUSED_FUNCTION = YES;
				GCC_WARN_UNUSED_VARIABLE = YES;
				IPHONEOS_DEPLOYMENT_TARGET = 17.4;
				LOCALIZATION_PREFERS_STRING_CATALOGS = YES;
				MTL_ENABLE_DEBUG_INFO = NO;
				MTL_FAST_MATH = YES;
				SDKROOT = iphoneos;
				SWIFT_COMPILATION_MODE = wholemodule;
				VALIDATE_PRODUCT = YES;
			};
			name = Release;
		};
		A97117CF2BBFC6610095C256 /* Debug */ = {
			isa = XCBuildConfiguration;
			buildSettings = {
				ASSETCATALOG_COMPILER_APPICON_NAME = AppIcon;
				ASSETCATALOG_COMPILER_GLOBAL_ACCENT_COLOR_NAME = AccentColor;
				CODE_SIGN_STYLE = Automatic;
				CURRENT_PROJECT_VERSION = 1;
				DEVELOPMENT_ASSET_PATHS = "\"TravelPlaylist/Preview Content\"";
				DEVELOPMENT_TEAM = 8384YBDT96;
				ENABLE_PREVIEWS = YES;
				GENERATE_INFOPLIST_FILE = YES;
				INFOPLIST_KEY_UIApplicationSceneManifest_Generation = YES;
				INFOPLIST_KEY_UIApplicationSupportsIndirectInputEvents = YES;
				INFOPLIST_KEY_UILaunchScreen_Generation = YES;
				INFOPLIST_KEY_UISupportedInterfaceOrientations_iPad = "UIInterfaceOrientationPortrait UIInterfaceOrientationPortraitUpsideDown UIInterfaceOrientationLandscapeLeft UIInterfaceOrientationLandscapeRight";
				INFOPLIST_KEY_UISupportedInterfaceOrientations_iPhone = "UIInterfaceOrientationPortrait UIInterfaceOrientationLandscapeLeft UIInterfaceOrientationLandscapeRight";
				LD_RUNPATH_SEARCH_PATHS = (
					"$(inherited)",
					"@executable_path/Frameworks",
				);
				MARKETING_VERSION = 1.0;
				PRODUCT_BUNDLE_IDENTIFIER = fusethnd.TravelPlaylist;
				PRODUCT_NAME = "$(TARGET_NAME)";
				SWIFT_EMIT_LOC_STRINGS = YES;
				SWIFT_VERSION = 5.0;
				TARGETED_DEVICE_FAMILY = "1,2";
			};
			name = Debug;
		};
		A97117D02BBFC6610095C256 /* Release */ = {
			isa = XCBuildConfiguration;
			buildSettings = {
				ASSETCATALOG_COMPILER_APPICON_NAME = AppIcon;
				ASSETCATALOG_COMPILER_GLOBAL_ACCENT_COLOR_NAME = AccentColor;
				CODE_SIGN_STYLE = Automatic;
				CURRENT_PROJECT_VERSION = 1;
				DEVELOPMENT_ASSET_PATHS = "\"TravelPlaylist/Preview Content\"";
				DEVELOPMENT_TEAM = 8384YBDT96;
				ENABLE_PREVIEWS = YES;
				GENERATE_INFOPLIST_FILE = YES;
				INFOPLIST_KEY_UIApplicationSceneManifest_Generation = YES;
				INFOPLIST_KEY_UIApplicationSupportsIndirectInputEvents = YES;
				INFOPLIST_KEY_UILaunchScreen_Generation = YES;
				INFOPLIST_KEY_UISupportedInterfaceOrientations_iPad = "UIInterfaceOrientationPortrait UIInterfaceOrientationPortraitUpsideDown UIInterfaceOrientationLandscapeLeft UIInterfaceOrientationLandscapeRight";
				INFOPLIST_KEY_UISupportedInterfaceOrientations_iPhone = "UIInterfaceOrientationPortrait UIInterfaceOrientationLandscapeLeft UIInterfaceOrientationLandscapeRight";
				LD_RUNPATH_SEARCH_PATHS = (
					"$(inherited)",
					"@executable_path/Frameworks",
				);
				MARKETING_VERSION = 1.0;
				PRODUCT_BUNDLE_IDENTIFIER = fusethnd.TravelPlaylist;
				PRODUCT_NAME = "$(TARGET_NAME)";
				SWIFT_EMIT_LOC_STRINGS = YES;
				SWIFT_VERSION = 5.0;
				TARGETED_DEVICE_FAMILY = "1,2";
			};
			name = Release;
		};
		A97117D22BBFC6610095C256 /* Debug */ = {
			isa = XCBuildConfiguration;
			buildSettings = {
				ALWAYS_EMBED_SWIFT_STANDARD_LIBRARIES = YES;
				BUNDLE_LOADER = "$(TEST_HOST)";
				CODE_SIGN_STYLE = Automatic;
				CURRENT_PROJECT_VERSION = 1;
				DEVELOPMENT_TEAM = 8384YBDT96;
				GENERATE_INFOPLIST_FILE = YES;
				IPHONEOS_DEPLOYMENT_TARGET = 17.4;
				MARKETING_VERSION = 1.0;
				PRODUCT_BUNDLE_IDENTIFIER = fusethnd.TravelPlaylistTests;
				PRODUCT_NAME = "$(TARGET_NAME)";
				SWIFT_EMIT_LOC_STRINGS = NO;
				SWIFT_VERSION = 5.0;
				TARGETED_DEVICE_FAMILY = "1,2";
				TEST_HOST = "$(BUILT_PRODUCTS_DIR)/TravelPlaylist.app/$(BUNDLE_EXECUTABLE_FOLDER_PATH)/TravelPlaylist";
			};
			name = Debug;
		};
		A97117D32BBFC6610095C256 /* Release */ = {
			isa = XCBuildConfiguration;
			buildSettings = {
				ALWAYS_EMBED_SWIFT_STANDARD_LIBRARIES = YES;
				BUNDLE_LOADER = "$(TEST_HOST)";
				CODE_SIGN_STYLE = Automatic;
				CURRENT_PROJECT_VERSION = 1;
				DEVELOPMENT_TEAM = 8384YBDT96;
				GENERATE_INFOPLIST_FILE = YES;
				IPHONEOS_DEPLOYMENT_TARGET = 17.4;
				MARKETING_VERSION = 1.0;
				PRODUCT_BUNDLE_IDENTIFIER = fusethnd.TravelPlaylistTests;
				PRODUCT_NAME = "$(TARGET_NAME)";
				SWIFT_EMIT_LOC_STRINGS = NO;
				SWIFT_VERSION = 5.0;
				TARGETED_DEVICE_FAMILY = "1,2";
				TEST_HOST = "$(BUILT_PRODUCTS_DIR)/TravelPlaylist.app/$(BUNDLE_EXECUTABLE_FOLDER_PATH)/TravelPlaylist";
			};
			name = Release;
		};
		A97117D52BBFC6610095C256 /* Debug */ = {
			isa = XCBuildConfiguration;
			buildSettings = {
				ALWAYS_EMBED_SWIFT_STANDARD_LIBRARIES = YES;
				CODE_SIGN_STYLE = Automatic;
				CURRENT_PROJECT_VERSION = 1;
				DEVELOPMENT_TEAM = 8384YBDT96;
				GENERATE_INFOPLIST_FILE = YES;
				MARKETING_VERSION = 1.0;
				PRODUCT_BUNDLE_IDENTIFIER = fusethnd.TravelPlaylistUITests;
				PRODUCT_NAME = "$(TARGET_NAME)";
				SWIFT_EMIT_LOC_STRINGS = NO;
				SWIFT_VERSION = 5.0;
				TARGETED_DEVICE_FAMILY = "1,2";
				TEST_TARGET_NAME = TravelPlaylist;
			};
			name = Debug;
		};
		A97117D62BBFC6610095C256 /* Release */ = {
			isa = XCBuildConfiguration;
			buildSettings = {
				ALWAYS_EMBED_SWIFT_STANDARD_LIBRARIES = YES;
				CODE_SIGN_STYLE = Automatic;
				CURRENT_PROJECT_VERSION = 1;
				DEVELOPMENT_TEAM = 8384YBDT96;
				GENERATE_INFOPLIST_FILE = YES;
				MARKETING_VERSION = 1.0;
				PRODUCT_BUNDLE_IDENTIFIER = fusethnd.TravelPlaylistUITests;
				PRODUCT_NAME = "$(TARGET_NAME)";
				SWIFT_EMIT_LOC_STRINGS = NO;
				SWIFT_VERSION = 5.0;
				TARGETED_DEVICE_FAMILY = "1,2";
				TEST_TARGET_NAME = TravelPlaylist;
			};
			name = Release;
		};
/* End XCBuildConfiguration section */

/* Begin XCConfigurationList section */
		A97117A52BBFC65E0095C256 /* Build configuration list for PBXProject "TravelPlaylist" */ = {
			isa = XCConfigurationList;
			buildConfigurations = (
				A97117CC2BBFC6610095C256 /* Debug */,
				A97117CD2BBFC6610095C256 /* Release */,
			);
			defaultConfigurationIsVisible = 0;
			defaultConfigurationName = Release;
		};
		A97117CE2BBFC6610095C256 /* Build configuration list for PBXNativeTarget "TravelPlaylist" */ = {
			isa = XCConfigurationList;
			buildConfigurations = (
				A97117CF2BBFC6610095C256 /* Debug */,
				A97117D02BBFC6610095C256 /* Release */,
			);
			defaultConfigurationIsVisible = 0;
			defaultConfigurationName = Release;
		};
		A97117D12BBFC6610095C256 /* Build configuration list for PBXNativeTarget "TravelPlaylistTests" */ = {
			isa = XCConfigurationList;
			buildConfigurations = (
				A97117D22BBFC6610095C256 /* Debug */,
				A97117D32BBFC6610095C256 /* Release */,
			);
			defaultConfigurationIsVisible = 0;
			defaultConfigurationName = Release;
		};
		A97117D42BBFC6610095C256 /* Build configuration list for PBXNativeTarget "TravelPlaylistUITests" */ = {
			isa = XCConfigurationList;
			buildConfigurations = (
				A97117D52BBFC6610095C256 /* Debug */,
				A97117D62BBFC6610095C256 /* Release */,
			);
			defaultConfigurationIsVisible = 0;
			defaultConfigurationName = Release;
		};
/* End XCConfigurationList section */
	};
	rootObject = A97117A22BBFC65E0095C256 /* Project object */;
}
