// !$*UTF8*$!
{
	archiveVersion = 1;
	classes = {
	};
	objectVersion = 56;
	objects = {

/* Begin PBXBuildFile section */
		A925A65D2BD470DF0057434E /* SpotifyiOS in Frameworks */ = {isa = PBXBuildFile; productRef = A925A65C2BD470DF0057434E /* SpotifyiOS */; };
		A945AAC52BE3C49E00FE767E /* ResultManager.swift in Sources */ = {isa = PBXBuildFile; fileRef = A945AABB2BE3C49E00FE767E /* ResultManager.swift */; };
		A945AAC62BE3C49E00FE767E /* ResultManager.swift in Sources */ = {isa = PBXBuildFile; fileRef = A945AABB2BE3C49E00FE767E /* ResultManager.swift */; };
		A945AAC72BE3C49E00FE767E /* ResultManager.swift in Sources */ = {isa = PBXBuildFile; fileRef = A945AABB2BE3C49E00FE767E /* ResultManager.swift */; };
		A945AAC82BE3C49E00FE767E /* ResultView.swift in Sources */ = {isa = PBXBuildFile; fileRef = A945AABC2BE3C49E00FE767E /* ResultView.swift */; };
		A945AAC92BE3C49E00FE767E /* ResultView.swift in Sources */ = {isa = PBXBuildFile; fileRef = A945AABC2BE3C49E00FE767E /* ResultView.swift */; };
		A945AACA2BE3C49E00FE767E /* ResultView.swift in Sources */ = {isa = PBXBuildFile; fileRef = A945AABC2BE3C49E00FE767E /* ResultView.swift */; };
		A945AACB2BE3C49E00FE767E /* ResultViewModel.swift in Sources */ = {isa = PBXBuildFile; fileRef = A945AABD2BE3C49E00FE767E /* ResultViewModel.swift */; };
		A945AACC2BE3C49E00FE767E /* ResultViewModel.swift in Sources */ = {isa = PBXBuildFile; fileRef = A945AABD2BE3C49E00FE767E /* ResultViewModel.swift */; };
		A945AACD2BE3C49E00FE767E /* ResultViewModel.swift in Sources */ = {isa = PBXBuildFile; fileRef = A945AABD2BE3C49E00FE767E /* ResultViewModel.swift */; };
		A945AACE2BE3C49E00FE767E /* TrackItemView.swift in Sources */ = {isa = PBXBuildFile; fileRef = A945AABE2BE3C49E00FE767E /* TrackItemView.swift */; };
		A945AACF2BE3C49E00FE767E /* TrackItemView.swift in Sources */ = {isa = PBXBuildFile; fileRef = A945AABE2BE3C49E00FE767E /* TrackItemView.swift */; };
		A945AAD02BE3C49E00FE767E /* TrackItemView.swift in Sources */ = {isa = PBXBuildFile; fileRef = A945AABE2BE3C49E00FE767E /* TrackItemView.swift */; };
		A945AAD12BE3C49E00FE767E /* TrackItemViewModel.swift in Sources */ = {isa = PBXBuildFile; fileRef = A945AABF2BE3C49E00FE767E /* TrackItemViewModel.swift */; };
		A945AAD22BE3C49E00FE767E /* TrackItemViewModel.swift in Sources */ = {isa = PBXBuildFile; fileRef = A945AABF2BE3C49E00FE767E /* TrackItemViewModel.swift */; };
		A945AAD32BE3C49E00FE767E /* TrackItemViewModel.swift in Sources */ = {isa = PBXBuildFile; fileRef = A945AABF2BE3C49E00FE767E /* TrackItemViewModel.swift */; };
		A945AAD42BE3C49E00FE767E /* TrackViewModel.swift in Sources */ = {isa = PBXBuildFile; fileRef = A945AAC02BE3C49E00FE767E /* TrackViewModel.swift */; };
		A945AAD52BE3C49E00FE767E /* TrackViewModel.swift in Sources */ = {isa = PBXBuildFile; fileRef = A945AAC02BE3C49E00FE767E /* TrackViewModel.swift */; };
		A945AAD62BE3C49E00FE767E /* TrackViewModel.swift in Sources */ = {isa = PBXBuildFile; fileRef = A945AAC02BE3C49E00FE767E /* TrackViewModel.swift */; };
		A947BCFE2BD8F933000D162C /* MapsView.swift in Sources */ = {isa = PBXBuildFile; fileRef = A947BCFD2BD8F932000D162C /* MapsView.swift */; };
		A947BCFF2BD8F933000D162C /* MapsView.swift in Sources */ = {isa = PBXBuildFile; fileRef = A947BCFD2BD8F932000D162C /* MapsView.swift */; };
		A947BD002BD8F933000D162C /* MapsView.swift in Sources */ = {isa = PBXBuildFile; fileRef = A947BCFD2BD8F932000D162C /* MapsView.swift */; };
		A947BD022BD8F93F000D162C /* MapsViewModel.swift in Sources */ = {isa = PBXBuildFile; fileRef = A947BD012BD8F93F000D162C /* MapsViewModel.swift */; };
		A947BD0F2BD924A2000D162C /* JoerneyView.swift in Sources */ = {isa = PBXBuildFile; fileRef = A947BD0E2BD924A2000D162C /* JoerneyView.swift */; };
		A947BD102BD924A2000D162C /* JoerneyView.swift in Sources */ = {isa = PBXBuildFile; fileRef = A947BD0E2BD924A2000D162C /* JoerneyView.swift */; };
		A947BD112BD924A2000D162C /* JoerneyView.swift in Sources */ = {isa = PBXBuildFile; fileRef = A947BD0E2BD924A2000D162C /* JoerneyView.swift */; };
		A947BD132BD924B2000D162C /* JoerneyViewModel.swift in Sources */ = {isa = PBXBuildFile; fileRef = A947BD122BD924B2000D162C /* JoerneyViewModel.swift */; };
		A947BD142BD924B2000D162C /* JoerneyViewModel.swift in Sources */ = {isa = PBXBuildFile; fileRef = A947BD122BD924B2000D162C /* JoerneyViewModel.swift */; };
		A947BD152BD924B2000D162C /* JoerneyViewModel.swift in Sources */ = {isa = PBXBuildFile; fileRef = A947BD122BD924B2000D162C /* JoerneyViewModel.swift */; };
		A947BD172BD93300000D162C /* CreatePostViewModel.swift in Sources */ = {isa = PBXBuildFile; fileRef = A947BD162BD93300000D162C /* CreatePostViewModel.swift */; };
		A947BD182BD93300000D162C /* CreatePostViewModel.swift in Sources */ = {isa = PBXBuildFile; fileRef = A947BD162BD93300000D162C /* CreatePostViewModel.swift */; };
		A947BD192BD93300000D162C /* CreatePostViewModel.swift in Sources */ = {isa = PBXBuildFile; fileRef = A947BD162BD93300000D162C /* CreatePostViewModel.swift */; };
		A947BD1B2BD93318000D162C /* PostItemViewModel.swift in Sources */ = {isa = PBXBuildFile; fileRef = A947BD1A2BD93318000D162C /* PostItemViewModel.swift */; };
		A947BD1C2BD93318000D162C /* PostItemViewModel.swift in Sources */ = {isa = PBXBuildFile; fileRef = A947BD1A2BD93318000D162C /* PostItemViewModel.swift */; };
		A947BD1D2BD93318000D162C /* PostItemViewModel.swift in Sources */ = {isa = PBXBuildFile; fileRef = A947BD1A2BD93318000D162C /* PostItemViewModel.swift */; };
		A947BD1F2BD93340000D162C /* PostContentViewModel.swift in Sources */ = {isa = PBXBuildFile; fileRef = A947BD1E2BD93340000D162C /* PostContentViewModel.swift */; };
		A947BD202BD93341000D162C /* PostContentViewModel.swift in Sources */ = {isa = PBXBuildFile; fileRef = A947BD1E2BD93340000D162C /* PostContentViewModel.swift */; };
		A947BD212BD93341000D162C /* PostContentViewModel.swift in Sources */ = {isa = PBXBuildFile; fileRef = A947BD1E2BD93340000D162C /* PostContentViewModel.swift */; };
		A947BD232BD9335B000D162C /* CreatePostView.swift in Sources */ = {isa = PBXBuildFile; fileRef = A947BD222BD9335B000D162C /* CreatePostView.swift */; };
		A947BD242BD9335B000D162C /* CreatePostView.swift in Sources */ = {isa = PBXBuildFile; fileRef = A947BD222BD9335B000D162C /* CreatePostView.swift */; };
		A947BD252BD9335B000D162C /* CreatePostView.swift in Sources */ = {isa = PBXBuildFile; fileRef = A947BD222BD9335B000D162C /* CreatePostView.swift */; };
		A947BD272BD9336E000D162C /* PostItemView.swift in Sources */ = {isa = PBXBuildFile; fileRef = A947BD262BD9336E000D162C /* PostItemView.swift */; };
		A947BD282BD9336E000D162C /* PostItemView.swift in Sources */ = {isa = PBXBuildFile; fileRef = A947BD262BD9336E000D162C /* PostItemView.swift */; };
		A947BD292BD9336E000D162C /* PostItemView.swift in Sources */ = {isa = PBXBuildFile; fileRef = A947BD262BD9336E000D162C /* PostItemView.swift */; };
		A947BD2B2BD9337C000D162C /* PostContentView.swift in Sources */ = {isa = PBXBuildFile; fileRef = A947BD2A2BD9337C000D162C /* PostContentView.swift */; };
		A947BD2C2BD9337C000D162C /* PostContentView.swift in Sources */ = {isa = PBXBuildFile; fileRef = A947BD2A2BD9337C000D162C /* PostContentView.swift */; };
		A947BD2D2BD9337C000D162C /* PostContentView.swift in Sources */ = {isa = PBXBuildFile; fileRef = A947BD2A2BD9337C000D162C /* PostContentView.swift */; };
		A97117AE2BBFC65E0095C256 /* TravelPlaylistApp.swift in Sources */ = {isa = PBXBuildFile; fileRef = A97117AD2BBFC65E0095C256 /* TravelPlaylistApp.swift */; };
		A97117B02BBFC65E0095C256 /* MainView.swift in Sources */ = {isa = PBXBuildFile; fileRef = A97117AF2BBFC65E0095C256 /* MainView.swift */; };
		A97117B22BBFC6600095C256 /* Assets.xcassets in Resources */ = {isa = PBXBuildFile; fileRef = A97117B12BBFC6600095C256 /* Assets.xcassets */; };
		A97117B52BBFC6600095C256 /* Preview Assets.xcassets in Resources */ = {isa = PBXBuildFile; fileRef = A97117B42BBFC6600095C256 /* Preview Assets.xcassets */; };
		A97117BF2BBFC6600095C256 /* TravelPlaylistTests.swift in Sources */ = {isa = PBXBuildFile; fileRef = A97117BE2BBFC6600095C256 /* TravelPlaylistTests.swift */; };
		A97117C92BBFC6610095C256 /* TravelPlaylistUITests.swift in Sources */ = {isa = PBXBuildFile; fileRef = A97117C82BBFC6610095C256 /* TravelPlaylistUITests.swift */; };
		A97117CB2BBFC6610095C256 /* TravelPlaylistUITestsLaunchTests.swift in Sources */ = {isa = PBXBuildFile; fileRef = A97117CA2BBFC6610095C256 /* TravelPlaylistUITestsLaunchTests.swift */; };
		A97117DB2BC6804F0095C256 /* GoogleService-Info.plist in Resources */ = {isa = PBXBuildFile; fileRef = A97117DA2BC6804F0095C256 /* GoogleService-Info.plist */; };
		A97117E12BC688020095C256 /* Extensions.swift in Sources */ = {isa = PBXBuildFile; fileRef = A97117E02BC688020095C256 /* Extensions.swift */; };
		A97117E32BC688DD0095C256 /* User.swift in Sources */ = {isa = PBXBuildFile; fileRef = A97117E22BC688DD0095C256 /* User.swift */; };
		A97117E52BC688EA0095C256 /* PostItem.swift in Sources */ = {isa = PBXBuildFile; fileRef = A97117E42BC688EA0095C256 /* PostItem.swift */; };
		A97117E72BC689870095C256 /* LoginViewModel.swift in Sources */ = {isa = PBXBuildFile; fileRef = A97117E62BC689870095C256 /* LoginViewModel.swift */; };
		A97117E92BC689930095C256 /* RegisterViewModel.swift in Sources */ = {isa = PBXBuildFile; fileRef = A97117E82BC689930095C256 /* RegisterViewModel.swift */; };
		A97117EB2BC689A20095C256 /* ProfileViewModel.swift in Sources */ = {isa = PBXBuildFile; fileRef = A97117EA2BC689A20095C256 /* ProfileViewModel.swift */; };
		A97117ED2BC689C50095C256 /* MainViewModel.swift in Sources */ = {isa = PBXBuildFile; fileRef = A97117EC2BC689C50095C256 /* MainViewModel.swift */; };
		A97117EF2BC68A230095C256 /* LoginView.swift in Sources */ = {isa = PBXBuildFile; fileRef = A97117EE2BC68A230095C256 /* LoginView.swift */; };
		A97117F12BC68A4C0095C256 /* RegisterView.swift in Sources */ = {isa = PBXBuildFile; fileRef = A97117F02BC68A4C0095C256 /* RegisterView.swift */; };
		A97117F32BC68A7C0095C256 /* ProfileView.swift in Sources */ = {isa = PBXBuildFile; fileRef = A97117F22BC68A7C0095C256 /* ProfileView.swift */; };
		A97117F62BC68DDB0095C256 /* FirebaseAnalytics in Frameworks */ = {isa = PBXBuildFile; productRef = A97117F52BC68DDB0095C256 /* FirebaseAnalytics */; };
		A97117F82BC68DDB0095C256 /* FirebaseAnalyticsOnDeviceConversion in Frameworks */ = {isa = PBXBuildFile; productRef = A97117F72BC68DDB0095C256 /* FirebaseAnalyticsOnDeviceConversion */; };
		A97117FA2BC68DDB0095C256 /* FirebaseAnalyticsSwift in Frameworks */ = {isa = PBXBuildFile; productRef = A97117F92BC68DDB0095C256 /* FirebaseAnalyticsSwift */; };
		A97117FC2BC68DDB0095C256 /* FirebaseAnalyticsWithoutAdIdSupport in Frameworks */ = {isa = PBXBuildFile; productRef = A97117FB2BC68DDB0095C256 /* FirebaseAnalyticsWithoutAdIdSupport */; };
		A97117FE2BC68DDB0095C256 /* FirebaseAppCheck in Frameworks */ = {isa = PBXBuildFile; productRef = A97117FD2BC68DDB0095C256 /* FirebaseAppCheck */; };
		A97118002BC68DDB0095C256 /* FirebaseAppDistribution-Beta in Frameworks */ = {isa = PBXBuildFile; productRef = A97117FF2BC68DDB0095C256 /* FirebaseAppDistribution-Beta */; };
		A97118022BC68DDB0095C256 /* FirebaseAuth in Frameworks */ = {isa = PBXBuildFile; productRef = A97118012BC68DDB0095C256 /* FirebaseAuth */; };
		A97118042BC68DDB0095C256 /* FirebaseAuthCombine-Community in Frameworks */ = {isa = PBXBuildFile; productRef = A97118032BC68DDB0095C256 /* FirebaseAuthCombine-Community */; };
		A97118062BC68DDB0095C256 /* FirebaseCrashlytics in Frameworks */ = {isa = PBXBuildFile; productRef = A97118052BC68DDB0095C256 /* FirebaseCrashlytics */; };
		A97118082BC68DDB0095C256 /* FirebaseDatabase in Frameworks */ = {isa = PBXBuildFile; productRef = A97118072BC68DDB0095C256 /* FirebaseDatabase */; };
		A971180A2BC68DDB0095C256 /* FirebaseDatabaseSwift in Frameworks */ = {isa = PBXBuildFile; productRef = A97118092BC68DDB0095C256 /* FirebaseDatabaseSwift */; };
		A971180C2BC68DDB0095C256 /* FirebaseDynamicLinks in Frameworks */ = {isa = PBXBuildFile; productRef = A971180B2BC68DDB0095C256 /* FirebaseDynamicLinks */; };
		A971180E2BC68DDB0095C256 /* FirebaseFirestore in Frameworks */ = {isa = PBXBuildFile; productRef = A971180D2BC68DDB0095C256 /* FirebaseFirestore */; };
		A97118102BC68DDB0095C256 /* FirebaseFirestoreCombine-Community in Frameworks */ = {isa = PBXBuildFile; productRef = A971180F2BC68DDB0095C256 /* FirebaseFirestoreCombine-Community */; };
		A97118122BC68DDB0095C256 /* FirebaseFirestoreSwift in Frameworks */ = {isa = PBXBuildFile; productRef = A97118112BC68DDB0095C256 /* FirebaseFirestoreSwift */; };
		A97118142BC68DDB0095C256 /* FirebaseFunctions in Frameworks */ = {isa = PBXBuildFile; productRef = A97118132BC68DDB0095C256 /* FirebaseFunctions */; };
		A97118162BC68DDB0095C256 /* FirebaseFunctionsCombine-Community in Frameworks */ = {isa = PBXBuildFile; productRef = A97118152BC68DDB0095C256 /* FirebaseFunctionsCombine-Community */; };
		A97118182BC68DDB0095C256 /* FirebaseInAppMessaging-Beta in Frameworks */ = {isa = PBXBuildFile; productRef = A97118172BC68DDB0095C256 /* FirebaseInAppMessaging-Beta */; };
		A971181A2BC68DDB0095C256 /* FirebaseInAppMessagingSwift-Beta in Frameworks */ = {isa = PBXBuildFile; productRef = A97118192BC68DDB0095C256 /* FirebaseInAppMessagingSwift-Beta */; };
		A971181C2BC68DDB0095C256 /* FirebaseInstallations in Frameworks */ = {isa = PBXBuildFile; productRef = A971181B2BC68DDB0095C256 /* FirebaseInstallations */; };
		A971181E2BC68DDB0095C256 /* FirebaseMessaging in Frameworks */ = {isa = PBXBuildFile; productRef = A971181D2BC68DDB0095C256 /* FirebaseMessaging */; };
		A97118202BC68DDB0095C256 /* FirebaseMLModelDownloader in Frameworks */ = {isa = PBXBuildFile; productRef = A971181F2BC68DDB0095C256 /* FirebaseMLModelDownloader */; };
		A97118222BC68DDB0095C256 /* FirebasePerformance in Frameworks */ = {isa = PBXBuildFile; productRef = A97118212BC68DDB0095C256 /* FirebasePerformance */; };
		A97118242BC68DDB0095C256 /* FirebaseRemoteConfig in Frameworks */ = {isa = PBXBuildFile; productRef = A97118232BC68DDB0095C256 /* FirebaseRemoteConfig */; };
		A97118262BC68DDB0095C256 /* FirebaseRemoteConfigSwift in Frameworks */ = {isa = PBXBuildFile; productRef = A97118252BC68DDB0095C256 /* FirebaseRemoteConfigSwift */; };
		A97118282BC68DDB0095C256 /* FirebaseStorage in Frameworks */ = {isa = PBXBuildFile; productRef = A97118272BC68DDB0095C256 /* FirebaseStorage */; };
		A971182A2BC68DDB0095C256 /* FirebaseStorageCombine-Community in Frameworks */ = {isa = PBXBuildFile; productRef = A97118292BC68DDB0095C256 /* FirebaseStorageCombine-Community */; };
		A971182C2BC68E640095C256 /* HeaderView.swift in Sources */ = {isa = PBXBuildFile; fileRef = A971182B2BC68E640095C256 /* HeaderView.swift */; };
		A971182E2BC68EAA0095C256 /* TLButton.swift in Sources */ = {isa = PBXBuildFile; fileRef = A971182D2BC68EAA0095C256 /* TLButton.swift */; };
		A97118872BCB34090095C256 /* OAuthSwift in Frameworks */ = {isa = PBXBuildFile; productRef = A97118862BCB34090095C256 /* OAuthSwift */; };
		A9F1A3C32BE0D2A9009AE413 /* FeedView.swift in Sources */ = {isa = PBXBuildFile; fileRef = A9F1A3C22BE0D2A9009AE413 /* FeedView.swift */; };
		A9F1A3C52BE0DCC3009AE413 /* FeedViewModel.swift in Sources */ = {isa = PBXBuildFile; fileRef = A9F1A3C42BE0DCC3009AE413 /* FeedViewModel.swift */; };
		A9F1A3CD2BE1115D009AE413 /* PostItem.swift in Sources */ = {isa = PBXBuildFile; fileRef = A97117E42BC688EA0095C256 /* PostItem.swift */; };
		A9F1A3CE2BE1115D009AE413 /* PostItem.swift in Sources */ = {isa = PBXBuildFile; fileRef = A97117E42BC688EA0095C256 /* PostItem.swift */; };
/* End PBXBuildFile section */

/* Begin PBXContainerItemProxy section */
		A97117BB2BBFC6600095C256 /* PBXContainerItemProxy */ = {
			isa = PBXContainerItemProxy;
			containerPortal = A97117A22BBFC65E0095C256 /* Project object */;
			proxyType = 1;
			remoteGlobalIDString = A97117A92BBFC65E0095C256;
			remoteInfo = TravelPlaylist;
		};
		A97117C52BBFC6600095C256 /* PBXContainerItemProxy */ = {
			isa = PBXContainerItemProxy;
			containerPortal = A97117A22BBFC65E0095C256 /* Project object */;
			proxyType = 1;
			remoteGlobalIDString = A97117A92BBFC65E0095C256;
			remoteInfo = TravelPlaylist;
		};
/* End PBXContainerItemProxy section */

/* Begin PBXFileReference section */
		A945AABB2BE3C49E00FE767E /* ResultManager.swift */ = {isa = PBXFileReference; fileEncoding = 4; lastKnownFileType = sourcecode.swift; path = ResultManager.swift; sourceTree = "<group>"; };
		A945AABC2BE3C49E00FE767E /* ResultView.swift */ = {isa = PBXFileReference; fileEncoding = 4; lastKnownFileType = sourcecode.swift; path = ResultView.swift; sourceTree = "<group>"; };
		A945AABD2BE3C49E00FE767E /* ResultViewModel.swift */ = {isa = PBXFileReference; fileEncoding = 4; lastKnownFileType = sourcecode.swift; path = ResultViewModel.swift; sourceTree = "<group>"; };
		A945AABE2BE3C49E00FE767E /* TrackItemView.swift */ = {isa = PBXFileReference; fileEncoding = 4; lastKnownFileType = sourcecode.swift; path = TrackItemView.swift; sourceTree = "<group>"; };
		A945AABF2BE3C49E00FE767E /* TrackItemViewModel.swift */ = {isa = PBXFileReference; fileEncoding = 4; lastKnownFileType = sourcecode.swift; path = TrackItemViewModel.swift; sourceTree = "<group>"; };
		A945AAC02BE3C49E00FE767E /* TrackViewModel.swift */ = {isa = PBXFileReference; fileEncoding = 4; lastKnownFileType = sourcecode.swift; path = TrackViewModel.swift; sourceTree = "<group>"; };
		A947BCFD2BD8F932000D162C /* MapsView.swift */ = {isa = PBXFileReference; fileEncoding = 4; lastKnownFileType = sourcecode.swift; path = MapsView.swift; sourceTree = "<group>"; };
		A947BD012BD8F93F000D162C /* MapsViewModel.swift */ = {isa = PBXFileReference; fileEncoding = 4; lastKnownFileType = sourcecode.swift; name = MapsViewModel.swift; path = TravelPlaylist/Location/MapsViewModel.swift; sourceTree = SOURCE_ROOT; };
		A947BD0E2BD924A2000D162C /* JoerneyView.swift */ = {isa = PBXFileReference; lastKnownFileType = sourcecode.swift; path = JoerneyView.swift; sourceTree = "<group>"; };
		A947BD122BD924B2000D162C /* JoerneyViewModel.swift */ = {isa = PBXFileReference; lastKnownFileType = sourcecode.swift; path = JoerneyViewModel.swift; sourceTree = "<group>"; };
		A947BD162BD93300000D162C /* CreatePostViewModel.swift */ = {isa = PBXFileReference; lastKnownFileType = sourcecode.swift; path = CreatePostViewModel.swift; sourceTree = "<group>"; };
		A947BD1A2BD93318000D162C /* PostItemViewModel.swift */ = {isa = PBXFileReference; lastKnownFileType = sourcecode.swift; path = PostItemViewModel.swift; sourceTree = "<group>"; };
		A947BD1E2BD93340000D162C /* PostContentViewModel.swift */ = {isa = PBXFileReference; lastKnownFileType = sourcecode.swift; path = PostContentViewModel.swift; sourceTree = "<group>"; };
		A947BD222BD9335B000D162C /* CreatePostView.swift */ = {isa = PBXFileReference; lastKnownFileType = sourcecode.swift; path = CreatePostView.swift; sourceTree = "<group>"; };
		A947BD262BD9336E000D162C /* PostItemView.swift */ = {isa = PBXFileReference; lastKnownFileType = sourcecode.swift; path = PostItemView.swift; sourceTree = "<group>"; };
		A947BD2A2BD9337C000D162C /* PostContentView.swift */ = {isa = PBXFileReference; lastKnownFileType = sourcecode.swift; path = PostContentView.swift; sourceTree = "<group>"; };
		A97117AA2BBFC65E0095C256 /* TravelPlaylist.app */ = {isa = PBXFileReference; explicitFileType = wrapper.application; includeInIndex = 0; path = TravelPlaylist.app; sourceTree = BUILT_PRODUCTS_DIR; };
		A97117AD2BBFC65E0095C256 /* TravelPlaylistApp.swift */ = {isa = PBXFileReference; lastKnownFileType = sourcecode.swift; path = TravelPlaylistApp.swift; sourceTree = "<group>"; };
		A97117AF2BBFC65E0095C256 /* MainView.swift */ = {isa = PBXFileReference; lastKnownFileType = sourcecode.swift; path = MainView.swift; sourceTree = "<group>"; };
		A97117B12BBFC6600095C256 /* Assets.xcassets */ = {isa = PBXFileReference; lastKnownFileType = folder.assetcatalog; path = Assets.xcassets; sourceTree = "<group>"; };
		A97117B42BBFC6600095C256 /* Preview Assets.xcassets */ = {isa = PBXFileReference; lastKnownFileType = folder.assetcatalog; path = "Preview Assets.xcassets"; sourceTree = "<group>"; };
		A97117BA2BBFC6600095C256 /* TravelPlaylistTests.xctest */ = {isa = PBXFileReference; explicitFileType = wrapper.cfbundle; includeInIndex = 0; path = TravelPlaylistTests.xctest; sourceTree = BUILT_PRODUCTS_DIR; };
		A97117BE2BBFC6600095C256 /* TravelPlaylistTests.swift */ = {isa = PBXFileReference; lastKnownFileType = sourcecode.swift; path = TravelPlaylistTests.swift; sourceTree = "<group>"; };
		A97117C42BBFC6600095C256 /* TravelPlaylistUITests.xctest */ = {isa = PBXFileReference; explicitFileType = wrapper.cfbundle; includeInIndex = 0; path = TravelPlaylistUITests.xctest; sourceTree = BUILT_PRODUCTS_DIR; };
		A97117C82BBFC6610095C256 /* TravelPlaylistUITests.swift */ = {isa = PBXFileReference; lastKnownFileType = sourcecode.swift; path = TravelPlaylistUITests.swift; sourceTree = "<group>"; };
		A97117CA2BBFC6610095C256 /* TravelPlaylistUITestsLaunchTests.swift */ = {isa = PBXFileReference; lastKnownFileType = sourcecode.swift; path = TravelPlaylistUITestsLaunchTests.swift; sourceTree = "<group>"; };
		A97117DA2BC6804F0095C256 /* GoogleService-Info.plist */ = {isa = PBXFileReference; fileEncoding = 4; lastKnownFileType = text.plist.xml; path = "GoogleService-Info.plist"; sourceTree = "<group>"; };
		A97117E02BC688020095C256 /* Extensions.swift */ = {isa = PBXFileReference; lastKnownFileType = sourcecode.swift; path = Extensions.swift; sourceTree = "<group>"; };
		A97117E22BC688DD0095C256 /* User.swift */ = {isa = PBXFileReference; lastKnownFileType = sourcecode.swift; path = User.swift; sourceTree = "<group>"; };
		A97117E42BC688EA0095C256 /* PostItem.swift */ = {isa = PBXFileReference; lastKnownFileType = sourcecode.swift; path = PostItem.swift; sourceTree = "<group>"; };
		A97117E62BC689870095C256 /* LoginViewModel.swift */ = {isa = PBXFileReference; lastKnownFileType = sourcecode.swift; path = LoginViewModel.swift; sourceTree = "<group>"; };
		A97117E82BC689930095C256 /* RegisterViewModel.swift */ = {isa = PBXFileReference; lastKnownFileType = sourcecode.swift; path = RegisterViewModel.swift; sourceTree = "<group>"; };
		A97117EA2BC689A20095C256 /* ProfileViewModel.swift */ = {isa = PBXFileReference; lastKnownFileType = sourcecode.swift; path = ProfileViewModel.swift; sourceTree = "<group>"; };
		A97117EC2BC689C50095C256 /* MainViewModel.swift */ = {isa = PBXFileReference; lastKnownFileType = sourcecode.swift; path = MainViewModel.swift; sourceTree = "<group>"; };
		A97117EE2BC68A230095C256 /* LoginView.swift */ = {isa = PBXFileReference; lastKnownFileType = sourcecode.swift; path = LoginView.swift; sourceTree = "<group>"; };
		A97117F02BC68A4C0095C256 /* RegisterView.swift */ = {isa = PBXFileReference; lastKnownFileType = sourcecode.swift; path = RegisterView.swift; sourceTree = "<group>"; };
		A97117F22BC68A7C0095C256 /* ProfileView.swift */ = {isa = PBXFileReference; lastKnownFileType = sourcecode.swift; path = ProfileView.swift; sourceTree = "<group>"; };
		A971182B2BC68E640095C256 /* HeaderView.swift */ = {isa = PBXFileReference; lastKnownFileType = sourcecode.swift; path = HeaderView.swift; sourceTree = "<group>"; };
		A971182D2BC68EAA0095C256 /* TLButton.swift */ = {isa = PBXFileReference; lastKnownFileType = sourcecode.swift; path = TLButton.swift; sourceTree = "<group>"; };
		A971182F2BC6A6BC0095C256 /* Info.plist */ = {isa = PBXFileReference; lastKnownFileType = text.plist; path = Info.plist; sourceTree = "<group>"; };
		A9F1A3C22BE0D2A9009AE413 /* FeedView.swift */ = {isa = PBXFileReference; lastKnownFileType = sourcecode.swift; path = FeedView.swift; sourceTree = "<group>"; };
		A9F1A3C42BE0DCC3009AE413 /* FeedViewModel.swift */ = {isa = PBXFileReference; lastKnownFileType = sourcecode.swift; path = FeedViewModel.swift; sourceTree = "<group>"; };
/* End PBXFileReference section */

/* Begin PBXFrameworksBuildPhase section */
		A97117A72BBFC65E0095C256 /* Frameworks */ = {
			isa = PBXFrameworksBuildPhase;
			buildActionMask = 2147483647;
			files = (
				A97118082BC68DDB0095C256 /* FirebaseDatabase in Frameworks */,
				A97118162BC68DDB0095C256 /* FirebaseFunctionsCombine-Community in Frameworks */,
				A971180E2BC68DDB0095C256 /* FirebaseFirestore in Frameworks */,
				A97117FA2BC68DDB0095C256 /* FirebaseAnalyticsSwift in Frameworks */,
				A925A65D2BD470DF0057434E /* SpotifyiOS in Frameworks */,
				A97118872BCB34090095C256 /* OAuthSwift in Frameworks */,
				A97117F62BC68DDB0095C256 /* FirebaseAnalytics in Frameworks */,
				A97117F82BC68DDB0095C256 /* FirebaseAnalyticsOnDeviceConversion in Frameworks */,
				A97118122BC68DDB0095C256 /* FirebaseFirestoreSwift in Frameworks */,
				A97118202BC68DDB0095C256 /* FirebaseMLModelDownloader in Frameworks */,
				A97117FE2BC68DDB0095C256 /* FirebaseAppCheck in Frameworks */,
				A97117FC2BC68DDB0095C256 /* FirebaseAnalyticsWithoutAdIdSupport in Frameworks */,
				A971181E2BC68DDB0095C256 /* FirebaseMessaging in Frameworks */,
				A97118022BC68DDB0095C256 /* FirebaseAuth in Frameworks */,
				A97118262BC68DDB0095C256 /* FirebaseRemoteConfigSwift in Frameworks */,
				A97118062BC68DDB0095C256 /* FirebaseCrashlytics in Frameworks */,
				A97118182BC68DDB0095C256 /* FirebaseInAppMessaging-Beta in Frameworks */,
				A971180A2BC68DDB0095C256 /* FirebaseDatabaseSwift in Frameworks */,
				A971182A2BC68DDB0095C256 /* FirebaseStorageCombine-Community in Frameworks */,
				A97118242BC68DDB0095C256 /* FirebaseRemoteConfig in Frameworks */,
				A97118142BC68DDB0095C256 /* FirebaseFunctions in Frameworks */,
				A97118002BC68DDB0095C256 /* FirebaseAppDistribution-Beta in Frameworks */,
				A97118222BC68DDB0095C256 /* FirebasePerformance in Frameworks */,
				A97118042BC68DDB0095C256 /* FirebaseAuthCombine-Community in Frameworks */,
				A97118282BC68DDB0095C256 /* FirebaseStorage in Frameworks */,
				A971181A2BC68DDB0095C256 /* FirebaseInAppMessagingSwift-Beta in Frameworks */,
				A971180C2BC68DDB0095C256 /* FirebaseDynamicLinks in Frameworks */,
				A97118102BC68DDB0095C256 /* FirebaseFirestoreCombine-Community in Frameworks */,
				A971181C2BC68DDB0095C256 /* FirebaseInstallations in Frameworks */,
			);
			runOnlyForDeploymentPostprocessing = 0;
		};
		A97117B72BBFC6600095C256 /* Frameworks */ = {
			isa = PBXFrameworksBuildPhase;
			buildActionMask = 2147483647;
			files = (
			);
			runOnlyForDeploymentPostprocessing = 0;
		};
		A97117C12BBFC6600095C256 /* Frameworks */ = {
			isa = PBXFrameworksBuildPhase;
			buildActionMask = 2147483647;
			files = (
			);
			runOnlyForDeploymentPostprocessing = 0;
		};
/* End PBXFrameworksBuildPhase section */

/* Begin PBXGroup section */
		A945AAC12BE3C49E00FE767E /* Track */ = {
			isa = PBXGroup;
			children = (
				A945AABB2BE3C49E00FE767E /* ResultManager.swift */,
				A945AABC2BE3C49E00FE767E /* ResultView.swift */,
				A945AABD2BE3C49E00FE767E /* ResultViewModel.swift */,
				A945AABE2BE3C49E00FE767E /* TrackItemView.swift */,
				A945AABF2BE3C49E00FE767E /* TrackItemViewModel.swift */,
				A945AAC02BE3C49E00FE767E /* TrackViewModel.swift */,
			);
			path = Track;
			sourceTree = "<group>";
		};
		A97117A12BBFC65E0095C256 = {
			isa = PBXGroup;
			children = (
				A97117AC2BBFC65E0095C256 /* TravelPlaylist */,
				A97117BD2BBFC6600095C256 /* TravelPlaylistTests */,
				A97117C72BBFC6600095C256 /* TravelPlaylistUITests */,
				A97117AB2BBFC65E0095C256 /* Products */,
				A97117F42BC68DDA0095C256 /* Frameworks */,
			);
			sourceTree = "<group>";
		};
		A97117AB2BBFC65E0095C256 /* Products */ = {
			isa = PBXGroup;
			children = (
				A97117AA2BBFC65E0095C256 /* TravelPlaylist.app */,
				A97117BA2BBFC6600095C256 /* TravelPlaylistTests.xctest */,
				A97117C42BBFC6600095C256 /* TravelPlaylistUITests.xctest */,
			);
			name = Products;
			sourceTree = "<group>";
		};
		A97117AC2BBFC65E0095C256 /* TravelPlaylist */ = {
			isa = PBXGroup;
			children = (
				A9F1A3CC2BE11112009AE413 /* Post */,
				A9F1A3CA2BE10EAD009AE413 /* Feed */,
				A9F1A3CB2BE10EB7009AE413 /* Journey */,
				A9F1A3C92BE10EA6009AE413 /* Profile */,
				A9F1A3C82BE10E9E009AE413 /* Location */,
				A945AAC12BE3C49E00FE767E /* Track */,
				A9F1A3C62BE10E8D009AE413 /* Login */,
				A97117DD2BC683700095C256 /* Main */,
				A971182F2BC6A6BC0095C256 /* Info.plist */,
				A97117D92BC680220095C256 /* Others */,
				A97117B12BBFC6600095C256 /* Assets.xcassets */,
				A97117B32BBFC6600095C256 /* Preview Content */,
			);
			path = TravelPlaylist;
			sourceTree = "<group>";
		};
		A97117B32BBFC6600095C256 /* Preview Content */ = {
			isa = PBXGroup;
			children = (
				A97117B42BBFC6600095C256 /* Preview Assets.xcassets */,
			);
			path = "Preview Content";
			sourceTree = "<group>";
		};
		A97117BD2BBFC6600095C256 /* TravelPlaylistTests */ = {
			isa = PBXGroup;
			children = (
				A97117BE2BBFC6600095C256 /* TravelPlaylistTests.swift */,
			);
			path = TravelPlaylistTests;
			sourceTree = "<group>";
		};
		A97117C72BBFC6600095C256 /* TravelPlaylistUITests */ = {
			isa = PBXGroup;
			children = (
				A97117C82BBFC6610095C256 /* TravelPlaylistUITests.swift */,
				A97117CA2BBFC6610095C256 /* TravelPlaylistUITestsLaunchTests.swift */,
			);
			path = TravelPlaylistUITests;
			sourceTree = "<group>";
		};
		A97117D92BC680220095C256 /* Others */ = {
			isa = PBXGroup;
			children = (
				A97117AD2BBFC65E0095C256 /* TravelPlaylistApp.swift */,
				A97117E02BC688020095C256 /* Extensions.swift */,
				A97117DA2BC6804F0095C256 /* GoogleService-Info.plist */,
			);
			path = Others;
			sourceTree = "<group>";
		};
		A97117DD2BC683700095C256 /* Main */ = {
			isa = PBXGroup;
			children = (
				A97117EC2BC689C50095C256 /* MainViewModel.swift */,
				A97117AF2BBFC65E0095C256 /* MainView.swift */,
				A971182D2BC68EAA0095C256 /* TLButton.swift */,
				A971182B2BC68E640095C256 /* HeaderView.swift */,
			);
			path = Main;
			sourceTree = "<group>";
		};
		A97117F42BC68DDA0095C256 /* Frameworks */ = {
			isa = PBXGroup;
			children = (
			);
			name = Frameworks;
			sourceTree = "<group>";
		};
		A9F1A3C62BE10E8D009AE413 /* Login */ = {
			isa = PBXGroup;
			children = (
				A97117E62BC689870095C256 /* LoginViewModel.swift */,
				A97117E82BC689930095C256 /* RegisterViewModel.swift */,
				A97117EE2BC68A230095C256 /* LoginView.swift */,
				A97117F02BC68A4C0095C256 /* RegisterView.swift */,
			);
			path = Login;
			sourceTree = "<group>";
		};
		A9F1A3C82BE10E9E009AE413 /* Location */ = {
			isa = PBXGroup;
			children = (
				A947BD012BD8F93F000D162C /* MapsViewModel.swift */,
				A947BCFD2BD8F932000D162C /* MapsView.swift */,
			);
			path = Location;
			sourceTree = "<group>";
		};
		A9F1A3C92BE10EA6009AE413 /* Profile */ = {
			isa = PBXGroup;
			children = (
				A97117E22BC688DD0095C256 /* User.swift */,
				A97117EA2BC689A20095C256 /* ProfileViewModel.swift */,
				A97117F22BC68A7C0095C256 /* ProfileView.swift */,
			);
			path = Profile;
			sourceTree = "<group>";
		};
		A9F1A3CA2BE10EAD009AE413 /* Feed */ = {
			isa = PBXGroup;
			children = (
				A9F1A3C42BE0DCC3009AE413 /* FeedViewModel.swift */,
				A9F1A3C22BE0D2A9009AE413 /* FeedView.swift */,
			);
			path = Feed;
			sourceTree = "<group>";
		};
		A9F1A3CB2BE10EB7009AE413 /* Journey */ = {
			isa = PBXGroup;
			children = (
				A947BD122BD924B2000D162C /* JoerneyViewModel.swift */,
				A947BD0E2BD924A2000D162C /* JoerneyView.swift */,
			);
			path = Journey;
			sourceTree = "<group>";
		};
		A9F1A3CC2BE11112009AE413 /* Post */ = {
			isa = PBXGroup;
			children = (
				A97117E42BC688EA0095C256 /* PostItem.swift */,
				A947BD262BD9336E000D162C /* PostItemView.swift */,
				A947BD1A2BD93318000D162C /* PostItemViewModel.swift */,
				A947BD162BD93300000D162C /* CreatePostViewModel.swift */,
				A947BD222BD9335B000D162C /* CreatePostView.swift */,
				A947BD2A2BD9337C000D162C /* PostContentView.swift */,
				A947BD1E2BD93340000D162C /* PostContentViewModel.swift */,
			);
			path = Post;
			sourceTree = "<group>";
		};
/* End PBXGroup section */

/* Begin PBXNativeTarget section */
		A97117A92BBFC65E0095C256 /* TravelPlaylist */ = {
			isa = PBXNativeTarget;
			buildConfigurationList = A97117CE2BBFC6610095C256 /* Build configuration list for PBXNativeTarget "TravelPlaylist" */;
			buildPhases = (
				A97117A62BBFC65E0095C256 /* Sources */,
				A97117A72BBFC65E0095C256 /* Frameworks */,
				A97117A82BBFC65E0095C256 /* Resources */,
			);
			buildRules = (
			);
			dependencies = (
			);
			name = TravelPlaylist;
			packageProductDependencies = (
				A97117F52BC68DDB0095C256 /* FirebaseAnalytics */,
				A97117F72BC68DDB0095C256 /* FirebaseAnalyticsOnDeviceConversion */,
				A97117F92BC68DDB0095C256 /* FirebaseAnalyticsSwift */,
				A97117FB2BC68DDB0095C256 /* FirebaseAnalyticsWithoutAdIdSupport */,
				A97117FD2BC68DDB0095C256 /* FirebaseAppCheck */,
				A97117FF2BC68DDB0095C256 /* FirebaseAppDistribution-Beta */,
				A97118012BC68DDB0095C256 /* FirebaseAuth */,
				A97118032BC68DDB0095C256 /* FirebaseAuthCombine-Community */,
				A97118052BC68DDB0095C256 /* FirebaseCrashlytics */,
				A97118072BC68DDB0095C256 /* FirebaseDatabase */,
				A97118092BC68DDB0095C256 /* FirebaseDatabaseSwift */,
				A971180B2BC68DDB0095C256 /* FirebaseDynamicLinks */,
				A971180D2BC68DDB0095C256 /* FirebaseFirestore */,
				A971180F2BC68DDB0095C256 /* FirebaseFirestoreCombine-Community */,
				A97118112BC68DDB0095C256 /* FirebaseFirestoreSwift */,
				A97118132BC68DDB0095C256 /* FirebaseFunctions */,
				A97118152BC68DDB0095C256 /* FirebaseFunctionsCombine-Community */,
				A97118172BC68DDB0095C256 /* FirebaseInAppMessaging-Beta */,
				A97118192BC68DDB0095C256 /* FirebaseInAppMessagingSwift-Beta */,
				A971181B2BC68DDB0095C256 /* FirebaseInstallations */,
				A971181D2BC68DDB0095C256 /* FirebaseMessaging */,
				A971181F2BC68DDB0095C256 /* FirebaseMLModelDownloader */,
				A97118212BC68DDB0095C256 /* FirebasePerformance */,
				A97118232BC68DDB0095C256 /* FirebaseRemoteConfig */,
				A97118252BC68DDB0095C256 /* FirebaseRemoteConfigSwift */,
				A97118272BC68DDB0095C256 /* FirebaseStorage */,
				A97118292BC68DDB0095C256 /* FirebaseStorageCombine-Community */,
				A97118862BCB34090095C256 /* OAuthSwift */,
				A925A65C2BD470DF0057434E /* SpotifyiOS */,
			);
			productName = TravelPlaylist;
			productReference = A97117AA2BBFC65E0095C256 /* TravelPlaylist.app */;
			productType = "com.apple.product-type.application";
		};
		A97117B92BBFC6600095C256 /* TravelPlaylistTests */ = {
			isa = PBXNativeTarget;
			buildConfigurationList = A97117D12BBFC6610095C256 /* Build configuration list for PBXNativeTarget "TravelPlaylistTests" */;
			buildPhases = (
				A97117B62BBFC6600095C256 /* Sources */,
				A97117B72BBFC6600095C256 /* Frameworks */,
				A97117B82BBFC6600095C256 /* Resources */,
			);
			buildRules = (
			);
			dependencies = (
				A97117BC2BBFC6600095C256 /* PBXTargetDependency */,
			);
			name = TravelPlaylistTests;
			productName = TravelPlaylistTests;
			productReference = A97117BA2BBFC6600095C256 /* TravelPlaylistTests.xctest */;
			productType = "com.apple.product-type.bundle.unit-test";
		};
		A97117C32BBFC6600095C256 /* TravelPlaylistUITests */ = {
			isa = PBXNativeTarget;
			buildConfigurationList = A97117D42BBFC6610095C256 /* Build configuration list for PBXNativeTarget "TravelPlaylistUITests" */;
			buildPhases = (
				A97117C02BBFC6600095C256 /* Sources */,
				A97117C12BBFC6600095C256 /* Frameworks */,
				A97117C22BBFC6600095C256 /* Resources */,
			);
			buildRules = (
			);
			dependencies = (
				A97117C62BBFC6600095C256 /* PBXTargetDependency */,
			);
			name = TravelPlaylistUITests;
			productName = TravelPlaylistUITests;
			productReference = A97117C42BBFC6600095C256 /* TravelPlaylistUITests.xctest */;
			productType = "com.apple.product-type.bundle.ui-testing";
		};
/* End PBXNativeTarget section */

/* Begin PBXProject section */
		A97117A22BBFC65E0095C256 /* Project object */ = {
			isa = PBXProject;
			attributes = {
				BuildIndependentTargetsInParallel = 1;
				LastSwiftUpdateCheck = 1530;
				LastUpgradeCheck = 1530;
				TargetAttributes = {
					A97117A92BBFC65E0095C256 = {
						CreatedOnToolsVersion = 15.3;
					};
					A97117B92BBFC6600095C256 = {
						CreatedOnToolsVersion = 15.3;
						TestTargetID = A97117A92BBFC65E0095C256;
					};
					A97117C32BBFC6600095C256 = {
						CreatedOnToolsVersion = 15.3;
						TestTargetID = A97117A92BBFC65E0095C256;
					};
				};
			};
			buildConfigurationList = A97117A52BBFC65E0095C256 /* Build configuration list for PBXProject "TravelPlaylist" */;
			compatibilityVersion = "Xcode 14.0";
			developmentRegion = en;
			hasScannedForEncodings = 0;
			knownRegions = (
				en,
				Base,
			);
			mainGroup = A97117A12BBFC65E0095C256;
			packageReferences = (
				A97117DF2BC6872D0095C256 /* XCRemoteSwiftPackageReference "firebase-ios-sdk" */,
				A97118322BC868060095C256 /* XCRemoteSwiftPackageReference "ios-sdk" */,
				A97118852BCB33DA0095C256 /* XCRemoteSwiftPackageReference "OAuthSwift" */,
			);
			productRefGroup = A97117AB2BBFC65E0095C256 /* Products */;
			projectDirPath = "";
			projectRoot = "";
			targets = (
				A97117A92BBFC65E0095C256 /* TravelPlaylist */,
				A97117B92BBFC6600095C256 /* TravelPlaylistTests */,
				A97117C32BBFC6600095C256 /* TravelPlaylistUITests */,
			);
		};
/* End PBXProject section */

/* Begin PBXResourcesBuildPhase section */
		A97117A82BBFC65E0095C256 /* Resources */ = {
			isa = PBXResourcesBuildPhase;
			buildActionMask = 2147483647;
			files = (
				A97117B52BBFC6600095C256 /* Preview Assets.xcassets in Resources */,
				A97117DB2BC6804F0095C256 /* GoogleService-Info.plist in Resources */,
				A97117B22BBFC6600095C256 /* Assets.xcassets in Resources */,
			);
			runOnlyForDeploymentPostprocessing = 0;
		};
		A97117B82BBFC6600095C256 /* Resources */ = {
			isa = PBXResourcesBuildPhase;
			buildActionMask = 2147483647;
			files = (
			);
			runOnlyForDeploymentPostprocessing = 0;
		};
		A97117C22BBFC6600095C256 /* Resources */ = {
			isa = PBXResourcesBuildPhase;
			buildActionMask = 2147483647;
			files = (
			);
			runOnlyForDeploymentPostprocessing = 0;
		};
/* End PBXResourcesBuildPhase section */

/* Begin PBXSourcesBuildPhase section */
		A97117A62BBFC65E0095C256 /* Sources */ = {
			isa = PBXSourcesBuildPhase;
			buildActionMask = 2147483647;
			files = (
				A947BD0F2BD924A2000D162C /* JoerneyView.swift in Sources */,
				A947BD1B2BD93318000D162C /* PostItemViewModel.swift in Sources */,
				A947BD132BD924B2000D162C /* JoerneyViewModel.swift in Sources */,
				A97117F12BC68A4C0095C256 /* RegisterView.swift in Sources */,
				A971182E2BC68EAA0095C256 /* TLButton.swift in Sources */,
				A97117E32BC688DD0095C256 /* User.swift in Sources */,
				A97117B02BBFC65E0095C256 /* MainView.swift in Sources */,
				A97117E92BC689930095C256 /* RegisterViewModel.swift in Sources */,
				A945AAC82BE3C49E00FE767E /* ResultView.swift in Sources */,
				A945AAC52BE3C49E00FE767E /* ResultManager.swift in Sources */,
				A947BCFE2BD8F933000D162C /* MapsView.swift in Sources */,
				A945AAD42BE3C49E00FE767E /* TrackViewModel.swift in Sources */,
				A97117F32BC68A7C0095C256 /* ProfileView.swift in Sources */,
				A9F1A3C32BE0D2A9009AE413 /* FeedView.swift in Sources */,
				A947BD232BD9335B000D162C /* CreatePostView.swift in Sources */,
				A945AACB2BE3C49E00FE767E /* ResultViewModel.swift in Sources */,
				A9F1A3C52BE0DCC3009AE413 /* FeedViewModel.swift in Sources */,
				A97117E72BC689870095C256 /* LoginViewModel.swift in Sources */,
				A947BD2B2BD9337C000D162C /* PostContentView.swift in Sources */,
				A97117E52BC688EA0095C256 /* PostItem.swift in Sources */,
				A947BD022BD8F93F000D162C /* MapsViewModel.swift in Sources */,
				A97117E12BC688020095C256 /* Extensions.swift in Sources */,
				A97117EB2BC689A20095C256 /* ProfileViewModel.swift in Sources */,
				A947BD1F2BD93340000D162C /* PostContentViewModel.swift in Sources */,
				A945AAD12BE3C49E00FE767E /* TrackItemViewModel.swift in Sources */,
				A97117AE2BBFC65E0095C256 /* TravelPlaylistApp.swift in Sources */,
				A947BD272BD9336E000D162C /* PostItemView.swift in Sources */,
				A97117EF2BC68A230095C256 /* LoginView.swift in Sources */,
				A97117ED2BC689C50095C256 /* MainViewModel.swift in Sources */,
				A971182C2BC68E640095C256 /* HeaderView.swift in Sources */,
				A947BD172BD93300000D162C /* CreatePostViewModel.swift in Sources */,
				A945AACE2BE3C49E00FE767E /* TrackItemView.swift in Sources */,
			);
			runOnlyForDeploymentPostprocessing = 0;
		};
		A97117B62BBFC6600095C256 /* Sources */ = {
			isa = PBXSourcesBuildPhase;
			buildActionMask = 2147483647;
			files = (
				A945AAD52BE3C49E00FE767E /* TrackViewModel.swift in Sources */,
				A945AAC62BE3C49E00FE767E /* ResultManager.swift in Sources */,
				A945AACC2BE3C49E00FE767E /* ResultViewModel.swift in Sources */,
				A9F1A3CD2BE1115D009AE413 /* PostItem.swift in Sources */,
				A97117BF2BBFC6600095C256 /* TravelPlaylistTests.swift in Sources */,
				A945AAD22BE3C49E00FE767E /* TrackItemViewModel.swift in Sources */,
				A947BD202BD93341000D162C /* PostContentViewModel.swift in Sources */,
				A947BD2C2BD9337C000D162C /* PostContentView.swift in Sources */,
				A945AACF2BE3C49E00FE767E /* TrackItemView.swift in Sources */,
				A947BD1C2BD93318000D162C /* PostItemViewModel.swift in Sources */,
				A947BD142BD924B2000D162C /* JoerneyViewModel.swift in Sources */,
				A947BD242BD9335B000D162C /* CreatePostView.swift in Sources */,
				A947BD182BD93300000D162C /* CreatePostViewModel.swift in Sources */,
				A947BD102BD924A2000D162C /* JoerneyView.swift in Sources */,
				A947BD282BD9336E000D162C /* PostItemView.swift in Sources */,
				A945AAC92BE3C49E00FE767E /* ResultView.swift in Sources */,
				A947BCFF2BD8F933000D162C /* MapsView.swift in Sources */,
			);
			runOnlyForDeploymentPostprocessing = 0;
		};
		A97117C02BBFC6600095C256 /* Sources */ = {
			isa = PBXSourcesBuildPhase;
			buildActionMask = 2147483647;
			files = (
				A945AAD62BE3C49E00FE767E /* TrackViewModel.swift in Sources */,
				A947BD1D2BD93318000D162C /* PostItemViewModel.swift in Sources */,
				A947BD292BD9336E000D162C /* PostItemView.swift in Sources */,
				A945AACD2BE3C49E00FE767E /* ResultViewModel.swift in Sources */,
				A947BD2D2BD9337C000D162C /* PostContentView.swift in Sources */,
				A945AAC72BE3C49E00FE767E /* ResultManager.swift in Sources */,
				A945AACA2BE3C49E00FE767E /* ResultView.swift in Sources */,
				A97117CB2BBFC6610095C256 /* TravelPlaylistUITestsLaunchTests.swift in Sources */,
				A947BD152BD924B2000D162C /* JoerneyViewModel.swift in Sources */,
				A947BD192BD93300000D162C /* CreatePostViewModel.swift in Sources */,
				A945AAD32BE3C49E00FE767E /* TrackItemViewModel.swift in Sources */,
				A9F1A3CE2BE1115D009AE413 /* PostItem.swift in Sources */,
				A945AAD02BE3C49E00FE767E /* TrackItemView.swift in Sources */,
				A947BD212BD93341000D162C /* PostContentViewModel.swift in Sources */,
				A947BD252BD9335B000D162C /* CreatePostView.swift in Sources */,
				A947BD002BD8F933000D162C /* MapsView.swift in Sources */,
				A97117C92BBFC6610095C256 /* TravelPlaylistUITests.swift in Sources */,
				A947BD112BD924A2000D162C /* JoerneyView.swift in Sources */,
			);
			runOnlyForDeploymentPostprocessing = 0;
		};
/* End PBXSourcesBuildPhase section */

/* Begin PBXTargetDependency section */
		A97117BC2BBFC6600095C256 /* PBXTargetDependency */ = {
			isa = PBXTargetDependency;
			target = A97117A92BBFC65E0095C256 /* TravelPlaylist */;
			targetProxy = A97117BB2BBFC6600095C256 /* PBXContainerItemProxy */;
		};
		A97117C62BBFC6600095C256 /* PBXTargetDependency */ = {
			isa = PBXTargetDependency;
			target = A97117A92BBFC65E0095C256 /* TravelPlaylist */;
			targetProxy = A97117C52BBFC6600095C256 /* PBXContainerItemProxy */;
		};
/* End PBXTargetDependency section */

/* Begin XCBuildConfiguration section */
		A97117CC2BBFC6610095C256 /* Debug */ = {
			isa = XCBuildConfiguration;
			buildSettings = {
				ALWAYS_SEARCH_USER_PATHS = NO;
				ASSETCATALOG_COMPILER_GENERATE_SWIFT_ASSET_SYMBOL_EXTENSIONS = YES;
				CLANG_ANALYZER_NONNULL = YES;
				CLANG_ANALYZER_NUMBER_OBJECT_CONVERSION = YES_AGGRESSIVE;
				CLANG_CXX_LANGUAGE_STANDARD = "gnu++20";
				CLANG_ENABLE_MODULES = YES;
				CLANG_ENABLE_OBJC_ARC = YES;
				CLANG_ENABLE_OBJC_WEAK = YES;
				CLANG_WARN_BLOCK_CAPTURE_AUTORELEASING = YES;
				CLANG_WARN_BOOL_CONVERSION = YES;
				CLANG_WARN_COMMA = YES;
				CLANG_WARN_CONSTANT_CONVERSION = YES;
				CLANG_WARN_DEPRECATED_OBJC_IMPLEMENTATIONS = YES;
				CLANG_WARN_DIRECT_OBJC_ISA_USAGE = YES_ERROR;
				CLANG_WARN_DOCUMENTATION_COMMENTS = YES;
				CLANG_WARN_EMPTY_BODY = YES;
				CLANG_WARN_ENUM_CONVERSION = YES;
				CLANG_WARN_INFINITE_RECURSION = YES;
				CLANG_WARN_INT_CONVERSION = YES;
				CLANG_WARN_NON_LITERAL_NULL_CONVERSION = YES;
				CLANG_WARN_OBJC_IMPLICIT_RETAIN_SELF = YES;
				CLANG_WARN_OBJC_LITERAL_CONVERSION = YES;
				CLANG_WARN_OBJC_ROOT_CLASS = YES_ERROR;
				CLANG_WARN_QUOTED_INCLUDE_IN_FRAMEWORK_HEADER = YES;
				CLANG_WARN_RANGE_LOOP_ANALYSIS = YES;
				CLANG_WARN_STRICT_PROTOTYPES = YES;
				CLANG_WARN_SUSPICIOUS_MOVE = YES;
				CLANG_WARN_UNGUARDED_AVAILABILITY = YES_AGGRESSIVE;
				CLANG_WARN_UNREACHABLE_CODE = YES;
				CLANG_WARN__DUPLICATE_METHOD_MATCH = YES;
				COPY_PHASE_STRIP = NO;
				DEBUG_INFORMATION_FORMAT = dwarf;
				ENABLE_STRICT_OBJC_MSGSEND = YES;
				ENABLE_TESTABILITY = YES;
				ENABLE_USER_SCRIPT_SANDBOXING = YES;
				GCC_C_LANGUAGE_STANDARD = gnu17;
				GCC_DYNAMIC_NO_PIC = NO;
				GCC_NO_COMMON_BLOCKS = YES;
				GCC_OPTIMIZATION_LEVEL = 0;
				GCC_PREPROCESSOR_DEFINITIONS = (
					"DEBUG=1",
					"$(inherited)",
				);
				GCC_WARN_64_TO_32_BIT_CONVERSION = YES;
				GCC_WARN_ABOUT_RETURN_TYPE = YES_ERROR;
				GCC_WARN_UNDECLARED_SELECTOR = YES;
				GCC_WARN_UNINITIALIZED_AUTOS = YES_AGGRESSIVE;
				GCC_WARN_UNUSED_FUNCTION = YES;
				GCC_WARN_UNUSED_VARIABLE = YES;
				IPHONEOS_DEPLOYMENT_TARGET = 17.4;
				LOCALIZATION_PREFERS_STRING_CATALOGS = YES;
				MTL_ENABLE_DEBUG_INFO = INCLUDE_SOURCE;
				MTL_FAST_MATH = YES;
				ONLY_ACTIVE_ARCH = YES;
				SDKROOT = iphoneos;
				SWIFT_ACTIVE_COMPILATION_CONDITIONS = "DEBUG $(inherited)";
				SWIFT_OPTIMIZATION_LEVEL = "-Onone";
			};
			name = Debug;
		};
		A97117CD2BBFC6610095C256 /* Release */ = {
			isa = XCBuildConfiguration;
			buildSettings = {
				ALWAYS_SEARCH_USER_PATHS = NO;
				ASSETCATALOG_COMPILER_GENERATE_SWIFT_ASSET_SYMBOL_EXTENSIONS = YES;
				CLANG_ANALYZER_NONNULL = YES;
				CLANG_ANALYZER_NUMBER_OBJECT_CONVERSION = YES_AGGRESSIVE;
				CLANG_CXX_LANGUAGE_STANDARD = "gnu++20";
				CLANG_ENABLE_MODULES = YES;
				CLANG_ENABLE_OBJC_ARC = YES;
				CLANG_ENABLE_OBJC_WEAK = YES;
				CLANG_WARN_BLOCK_CAPTURE_AUTORELEASING = YES;
				CLANG_WARN_BOOL_CONVERSION = YES;
				CLANG_WARN_COMMA = YES;
				CLANG_WARN_CONSTANT_CONVERSION = YES;
				CLANG_WARN_DEPRECATED_OBJC_IMPLEMENTATIONS = YES;
				CLANG_WARN_DIRECT_OBJC_ISA_USAGE = YES_ERROR;
				CLANG_WARN_DOCUMENTATION_COMMENTS = YES;
				CLANG_WARN_EMPTY_BODY = YES;
				CLANG_WARN_ENUM_CONVERSION = YES;
				CLANG_WARN_INFINITE_RECURSION = YES;
				CLANG_WARN_INT_CONVERSION = YES;
				CLANG_WARN_NON_LITERAL_NULL_CONVERSION = YES;
				CLANG_WARN_OBJC_IMPLICIT_RETAIN_SELF = YES;
				CLANG_WARN_OBJC_LITERAL_CONVERSION = YES;
				CLANG_WARN_OBJC_ROOT_CLASS = YES_ERROR;
				CLANG_WARN_QUOTED_INCLUDE_IN_FRAMEWORK_HEADER = YES;
				CLANG_WARN_RANGE_LOOP_ANALYSIS = YES;
				CLANG_WARN_STRICT_PROTOTYPES = YES;
				CLANG_WARN_SUSPICIOUS_MOVE = YES;
				CLANG_WARN_UNGUARDED_AVAILABILITY = YES_AGGRESSIVE;
				CLANG_WARN_UNREACHABLE_CODE = YES;
				CLANG_WARN__DUPLICATE_METHOD_MATCH = YES;
				COPY_PHASE_STRIP = NO;
				DEBUG_INFORMATION_FORMAT = "dwarf-with-dsym";
				ENABLE_NS_ASSERTIONS = NO;
				ENABLE_STRICT_OBJC_MSGSEND = YES;
				ENABLE_USER_SCRIPT_SANDBOXING = YES;
				GCC_C_LANGUAGE_STANDARD = gnu17;
				GCC_NO_COMMON_BLOCKS = YES;
				GCC_WARN_64_TO_32_BIT_CONVERSION = YES;
				GCC_WARN_ABOUT_RETURN_TYPE = YES_ERROR;
				GCC_WARN_UNDECLARED_SELECTOR = YES;
				GCC_WARN_UNINITIALIZED_AUTOS = YES_AGGRESSIVE;
				GCC_WARN_UNUSED_FUNCTION = YES;
				GCC_WARN_UNUSED_VARIABLE = YES;
				IPHONEOS_DEPLOYMENT_TARGET = 17.4;
				LOCALIZATION_PREFERS_STRING_CATALOGS = YES;
				MTL_ENABLE_DEBUG_INFO = NO;
				MTL_FAST_MATH = YES;
				SDKROOT = iphoneos;
				SWIFT_COMPILATION_MODE = wholemodule;
				VALIDATE_PRODUCT = YES;
			};
			name = Release;
		};
		A97117CF2BBFC6610095C256 /* Debug */ = {
			isa = XCBuildConfiguration;
			buildSettings = {
				ASSETCATALOG_COMPILER_APPICON_NAME = AppIcon;
				ASSETCATALOG_COMPILER_GLOBAL_ACCENT_COLOR_NAME = AccentColor;
				CODE_SIGN_STYLE = Automatic;
				CURRENT_PROJECT_VERSION = 1;
				DEVELOPMENT_ASSET_PATHS = "\"TravelPlaylist/Preview Content\"";
				DEVELOPMENT_TEAM = 8384YBDT96;
				ENABLE_PREVIEWS = YES;
				GENERATE_INFOPLIST_FILE = YES;
				INFOPLIST_FILE = TravelPlaylist/Info.plist;
				INFOPLIST_KEY_NSLocationWhenInUseUsageDescription = "show user location.";
				INFOPLIST_KEY_UIApplicationSceneManifest_Generation = YES;
				INFOPLIST_KEY_UIApplicationSupportsIndirectInputEvents = YES;
				INFOPLIST_KEY_UILaunchScreen_Generation = YES;
				INFOPLIST_KEY_UISupportedInterfaceOrientations_iPad = "UIInterfaceOrientationPortrait UIInterfaceOrientationPortraitUpsideDown UIInterfaceOrientationLandscapeLeft UIInterfaceOrientationLandscapeRight";
				INFOPLIST_KEY_UISupportedInterfaceOrientations_iPhone = "UIInterfaceOrientationPortrait UIInterfaceOrientationLandscapeLeft UIInterfaceOrientationLandscapeRight";
				LD_RUNPATH_SEARCH_PATHS = (
					"$(inherited)",
					"@executable_path/Frameworks",
				);
				MARKETING_VERSION = 1.0;
				PRODUCT_BUNDLE_IDENTIFIER = fusethnd.TravelPlaylist;
				PRODUCT_NAME = "$(TARGET_NAME)";
				SWIFT_EMIT_LOC_STRINGS = YES;
				SWIFT_VERSION = 5.0;
				TARGETED_DEVICE_FAMILY = "1,2";
			};
			name = Debug;
		};
		A97117D02BBFC6610095C256 /* Release */ = {
			isa = XCBuildConfiguration;
			buildSettings = {
				ASSETCATALOG_COMPILER_APPICON_NAME = AppIcon;
				ASSETCATALOG_COMPILER_GLOBAL_ACCENT_COLOR_NAME = AccentColor;
				CODE_SIGN_STYLE = Automatic;
				CURRENT_PROJECT_VERSION = 1;
				DEVELOPMENT_ASSET_PATHS = "\"TravelPlaylist/Preview Content\"";
				DEVELOPMENT_TEAM = 8384YBDT96;
				ENABLE_PREVIEWS = YES;
				GENERATE_INFOPLIST_FILE = YES;
				INFOPLIST_FILE = TravelPlaylist/Info.plist;
				INFOPLIST_KEY_NSLocationWhenInUseUsageDescription = "show user location.";
				INFOPLIST_KEY_UIApplicationSceneManifest_Generation = YES;
				INFOPLIST_KEY_UIApplicationSupportsIndirectInputEvents = YES;
				INFOPLIST_KEY_UILaunchScreen_Generation = YES;
				INFOPLIST_KEY_UISupportedInterfaceOrientations_iPad = "UIInterfaceOrientationPortrait UIInterfaceOrientationPortraitUpsideDown UIInterfaceOrientationLandscapeLeft UIInterfaceOrientationLandscapeRight";
				INFOPLIST_KEY_UISupportedInterfaceOrientations_iPhone = "UIInterfaceOrientationPortrait UIInterfaceOrientationLandscapeLeft UIInterfaceOrientationLandscapeRight";
				LD_RUNPATH_SEARCH_PATHS = (
					"$(inherited)",
					"@executable_path/Frameworks",
				);
				MARKETING_VERSION = 1.0;
				PRODUCT_BUNDLE_IDENTIFIER = fusethnd.TravelPlaylist;
				PRODUCT_NAME = "$(TARGET_NAME)";
				SWIFT_EMIT_LOC_STRINGS = YES;
				SWIFT_VERSION = 5.0;
				TARGETED_DEVICE_FAMILY = "1,2";
			};
			name = Release;
		};
		A97117D22BBFC6610095C256 /* Debug */ = {
			isa = XCBuildConfiguration;
			buildSettings = {
				ALWAYS_EMBED_SWIFT_STANDARD_LIBRARIES = YES;
				BUNDLE_LOADER = "$(TEST_HOST)";
				CODE_SIGN_STYLE = Automatic;
				CURRENT_PROJECT_VERSION = 1;
				DEVELOPMENT_TEAM = 8384YBDT96;
				GENERATE_INFOPLIST_FILE = YES;
				IPHONEOS_DEPLOYMENT_TARGET = 17.4;
				MARKETING_VERSION = 1.0;
				PRODUCT_BUNDLE_IDENTIFIER = fusethnd.TravelPlaylistTests;
				PRODUCT_NAME = "$(TARGET_NAME)";
				SWIFT_EMIT_LOC_STRINGS = NO;
				SWIFT_VERSION = 5.0;
				TARGETED_DEVICE_FAMILY = "1,2";
				TEST_HOST = "$(BUILT_PRODUCTS_DIR)/TravelPlaylist.app/$(BUNDLE_EXECUTABLE_FOLDER_PATH)/TravelPlaylist";
			};
			name = Debug;
		};
		A97117D32BBFC6610095C256 /* Release */ = {
			isa = XCBuildConfiguration;
			buildSettings = {
				ALWAYS_EMBED_SWIFT_STANDARD_LIBRARIES = YES;
				BUNDLE_LOADER = "$(TEST_HOST)";
				CODE_SIGN_STYLE = Automatic;
				CURRENT_PROJECT_VERSION = 1;
				DEVELOPMENT_TEAM = 8384YBDT96;
				GENERATE_INFOPLIST_FILE = YES;
				IPHONEOS_DEPLOYMENT_TARGET = 17.4;
				MARKETING_VERSION = 1.0;
				PRODUCT_BUNDLE_IDENTIFIER = fusethnd.TravelPlaylistTests;
				PRODUCT_NAME = "$(TARGET_NAME)";
				SWIFT_EMIT_LOC_STRINGS = NO;
				SWIFT_VERSION = 5.0;
				TARGETED_DEVICE_FAMILY = "1,2";
				TEST_HOST = "$(BUILT_PRODUCTS_DIR)/TravelPlaylist.app/$(BUNDLE_EXECUTABLE_FOLDER_PATH)/TravelPlaylist";
			};
			name = Release;
		};
		A97117D52BBFC6610095C256 /* Debug */ = {
			isa = XCBuildConfiguration;
			buildSettings = {
				ALWAYS_EMBED_SWIFT_STANDARD_LIBRARIES = YES;
				CODE_SIGN_STYLE = Automatic;
				CURRENT_PROJECT_VERSION = 1;
				DEVELOPMENT_TEAM = 8384YBDT96;
				GENERATE_INFOPLIST_FILE = YES;
				MARKETING_VERSION = 1.0;
				PRODUCT_BUNDLE_IDENTIFIER = fusethnd.TravelPlaylistUITests;
				PRODUCT_NAME = "$(TARGET_NAME)";
				SWIFT_EMIT_LOC_STRINGS = NO;
				SWIFT_VERSION = 5.0;
				TARGETED_DEVICE_FAMILY = "1,2";
				TEST_TARGET_NAME = TravelPlaylist;
			};
			name = Debug;
		};
		A97117D62BBFC6610095C256 /* Release */ = {
			isa = XCBuildConfiguration;
			buildSettings = {
				ALWAYS_EMBED_SWIFT_STANDARD_LIBRARIES = YES;
				CODE_SIGN_STYLE = Automatic;
				CURRENT_PROJECT_VERSION = 1;
				DEVELOPMENT_TEAM = 8384YBDT96;
				GENERATE_INFOPLIST_FILE = YES;
				MARKETING_VERSION = 1.0;
				PRODUCT_BUNDLE_IDENTIFIER = fusethnd.TravelPlaylistUITests;
				PRODUCT_NAME = "$(TARGET_NAME)";
				SWIFT_EMIT_LOC_STRINGS = NO;
				SWIFT_VERSION = 5.0;
				TARGETED_DEVICE_FAMILY = "1,2";
				TEST_TARGET_NAME = TravelPlaylist;
			};
			name = Release;
		};
/* End XCBuildConfiguration section */

/* Begin XCConfigurationList section */
		A97117A52BBFC65E0095C256 /* Build configuration list for PBXProject "TravelPlaylist" */ = {
			isa = XCConfigurationList;
			buildConfigurations = (
				A97117CC2BBFC6610095C256 /* Debug */,
				A97117CD2BBFC6610095C256 /* Release */,
			);
			defaultConfigurationIsVisible = 0;
			defaultConfigurationName = Release;
		};
		A97117CE2BBFC6610095C256 /* Build configuration list for PBXNativeTarget "TravelPlaylist" */ = {
			isa = XCConfigurationList;
			buildConfigurations = (
				A97117CF2BBFC6610095C256 /* Debug */,
				A97117D02BBFC6610095C256 /* Release */,
			);
			defaultConfigurationIsVisible = 0;
			defaultConfigurationName = Release;
		};
		A97117D12BBFC6610095C256 /* Build configuration list for PBXNativeTarget "TravelPlaylistTests" */ = {
			isa = XCConfigurationList;
			buildConfigurations = (
				A97117D22BBFC6610095C256 /* Debug */,
				A97117D32BBFC6610095C256 /* Release */,
			);
			defaultConfigurationIsVisible = 0;
			defaultConfigurationName = Release;
		};
		A97117D42BBFC6610095C256 /* Build configuration list for PBXNativeTarget "TravelPlaylistUITests" */ = {
			isa = XCConfigurationList;
			buildConfigurations = (
				A97117D52BBFC6610095C256 /* Debug */,
				A97117D62BBFC6610095C256 /* Release */,
			);
			defaultConfigurationIsVisible = 0;
			defaultConfigurationName = Release;
		};
/* End XCConfigurationList section */

/* Begin XCRemoteSwiftPackageReference section */
		A97117DF2BC6872D0095C256 /* XCRemoteSwiftPackageReference "firebase-ios-sdk" */ = {
			isa = XCRemoteSwiftPackageReference;
			repositoryURL = "https://github.com/firebase/firebase-ios-sdk";
			requirement = {
				kind = upToNextMajorVersion;
				minimumVersion = 10.24.0;
			};
		};
		A97118322BC868060095C256 /* XCRemoteSwiftPackageReference "ios-sdk" */ = {
			isa = XCRemoteSwiftPackageReference;
			repositoryURL = "https://github.com/spotify/ios-sdk.git";
			requirement = {
				branch = master;
				kind = branch;
			};
		};
		A97118852BCB33DA0095C256 /* XCRemoteSwiftPackageReference "OAuthSwift" */ = {
			isa = XCRemoteSwiftPackageReference;
			repositoryURL = "https://github.com/OAuthSwift/OAuthSwift.git";
			requirement = {
				kind = upToNextMajorVersion;
				minimumVersion = 2.2.0;
			};
		};
/* End XCRemoteSwiftPackageReference section */

/* Begin XCSwiftPackageProductDependency section */
		A925A65C2BD470DF0057434E /* SpotifyiOS */ = {
			isa = XCSwiftPackageProductDependency;
			package = A97118322BC868060095C256 /* XCRemoteSwiftPackageReference "ios-sdk" */;
			productName = SpotifyiOS;
		};
		A97117F52BC68DDB0095C256 /* FirebaseAnalytics */ = {
			isa = XCSwiftPackageProductDependency;
			package = A97117DF2BC6872D0095C256 /* XCRemoteSwiftPackageReference "firebase-ios-sdk" */;
			productName = FirebaseAnalytics;
		};
		A97117F72BC68DDB0095C256 /* FirebaseAnalyticsOnDeviceConversion */ = {
			isa = XCSwiftPackageProductDependency;
			package = A97117DF2BC6872D0095C256 /* XCRemoteSwiftPackageReference "firebase-ios-sdk" */;
			productName = FirebaseAnalyticsOnDeviceConversion;
		};
		A97117F92BC68DDB0095C256 /* FirebaseAnalyticsSwift */ = {
			isa = XCSwiftPackageProductDependency;
			package = A97117DF2BC6872D0095C256 /* XCRemoteSwiftPackageReference "firebase-ios-sdk" */;
			productName = FirebaseAnalyticsSwift;
		};
		A97117FB2BC68DDB0095C256 /* FirebaseAnalyticsWithoutAdIdSupport */ = {
			isa = XCSwiftPackageProductDependency;
			package = A97117DF2BC6872D0095C256 /* XCRemoteSwiftPackageReference "firebase-ios-sdk" */;
			productName = FirebaseAnalyticsWithoutAdIdSupport;
		};
		A97117FD2BC68DDB0095C256 /* FirebaseAppCheck */ = {
			isa = XCSwiftPackageProductDependency;
			package = A97117DF2BC6872D0095C256 /* XCRemoteSwiftPackageReference "firebase-ios-sdk" */;
			productName = FirebaseAppCheck;
		};
		A97117FF2BC68DDB0095C256 /* FirebaseAppDistribution-Beta */ = {
			isa = XCSwiftPackageProductDependency;
			package = A97117DF2BC6872D0095C256 /* XCRemoteSwiftPackageReference "firebase-ios-sdk" */;
			productName = "FirebaseAppDistribution-Beta";
		};
		A97118012BC68DDB0095C256 /* FirebaseAuth */ = {
			isa = XCSwiftPackageProductDependency;
			package = A97117DF2BC6872D0095C256 /* XCRemoteSwiftPackageReference "firebase-ios-sdk" */;
			productName = FirebaseAuth;
		};
		A97118032BC68DDB0095C256 /* FirebaseAuthCombine-Community */ = {
			isa = XCSwiftPackageProductDependency;
			package = A97117DF2BC6872D0095C256 /* XCRemoteSwiftPackageReference "firebase-ios-sdk" */;
			productName = "FirebaseAuthCombine-Community";
		};
		A97118052BC68DDB0095C256 /* FirebaseCrashlytics */ = {
			isa = XCSwiftPackageProductDependency;
			package = A97117DF2BC6872D0095C256 /* XCRemoteSwiftPackageReference "firebase-ios-sdk" */;
			productName = FirebaseCrashlytics;
		};
		A97118072BC68DDB0095C256 /* FirebaseDatabase */ = {
			isa = XCSwiftPackageProductDependency;
			package = A97117DF2BC6872D0095C256 /* XCRemoteSwiftPackageReference "firebase-ios-sdk" */;
			productName = FirebaseDatabase;
		};
		A97118092BC68DDB0095C256 /* FirebaseDatabaseSwift */ = {
			isa = XCSwiftPackageProductDependency;
			package = A97117DF2BC6872D0095C256 /* XCRemoteSwiftPackageReference "firebase-ios-sdk" */;
			productName = FirebaseDatabaseSwift;
		};
		A971180B2BC68DDB0095C256 /* FirebaseDynamicLinks */ = {
			isa = XCSwiftPackageProductDependency;
			package = A97117DF2BC6872D0095C256 /* XCRemoteSwiftPackageReference "firebase-ios-sdk" */;
			productName = FirebaseDynamicLinks;
		};
		A971180D2BC68DDB0095C256 /* FirebaseFirestore */ = {
			isa = XCSwiftPackageProductDependency;
			package = A97117DF2BC6872D0095C256 /* XCRemoteSwiftPackageReference "firebase-ios-sdk" */;
			productName = FirebaseFirestore;
		};
		A971180F2BC68DDB0095C256 /* FirebaseFirestoreCombine-Community */ = {
			isa = XCSwiftPackageProductDependency;
			package = A97117DF2BC6872D0095C256 /* XCRemoteSwiftPackageReference "firebase-ios-sdk" */;
			productName = "FirebaseFirestoreCombine-Community";
		};
		A97118112BC68DDB0095C256 /* FirebaseFirestoreSwift */ = {
			isa = XCSwiftPackageProductDependency;
			package = A97117DF2BC6872D0095C256 /* XCRemoteSwiftPackageReference "firebase-ios-sdk" */;
			productName = FirebaseFirestoreSwift;
		};
		A97118132BC68DDB0095C256 /* FirebaseFunctions */ = {
			isa = XCSwiftPackageProductDependency;
			package = A97117DF2BC6872D0095C256 /* XCRemoteSwiftPackageReference "firebase-ios-sdk" */;
			productName = FirebaseFunctions;
		};
		A97118152BC68DDB0095C256 /* FirebaseFunctionsCombine-Community */ = {
			isa = XCSwiftPackageProductDependency;
			package = A97117DF2BC6872D0095C256 /* XCRemoteSwiftPackageReference "firebase-ios-sdk" */;
			productName = "FirebaseFunctionsCombine-Community";
		};
		A97118172BC68DDB0095C256 /* FirebaseInAppMessaging-Beta */ = {
			isa = XCSwiftPackageProductDependency;
			package = A97117DF2BC6872D0095C256 /* XCRemoteSwiftPackageReference "firebase-ios-sdk" */;
			productName = "FirebaseInAppMessaging-Beta";
		};
		A97118192BC68DDB0095C256 /* FirebaseInAppMessagingSwift-Beta */ = {
			isa = XCSwiftPackageProductDependency;
			package = A97117DF2BC6872D0095C256 /* XCRemoteSwiftPackageReference "firebase-ios-sdk" */;
			productName = "FirebaseInAppMessagingSwift-Beta";
		};
		A971181B2BC68DDB0095C256 /* FirebaseInstallations */ = {
			isa = XCSwiftPackageProductDependency;
			package = A97117DF2BC6872D0095C256 /* XCRemoteSwiftPackageReference "firebase-ios-sdk" */;
			productName = FirebaseInstallations;
		};
		A971181D2BC68DDB0095C256 /* FirebaseMessaging */ = {
			isa = XCSwiftPackageProductDependency;
			package = A97117DF2BC6872D0095C256 /* XCRemoteSwiftPackageReference "firebase-ios-sdk" */;
			productName = FirebaseMessaging;
		};
		A971181F2BC68DDB0095C256 /* FirebaseMLModelDownloader */ = {
			isa = XCSwiftPackageProductDependency;
			package = A97117DF2BC6872D0095C256 /* XCRemoteSwiftPackageReference "firebase-ios-sdk" */;
			productName = FirebaseMLModelDownloader;
		};
		A97118212BC68DDB0095C256 /* FirebasePerformance */ = {
			isa = XCSwiftPackageProductDependency;
			package = A97117DF2BC6872D0095C256 /* XCRemoteSwiftPackageReference "firebase-ios-sdk" */;
			productName = FirebasePerformance;
		};
		A97118232BC68DDB0095C256 /* FirebaseRemoteConfig */ = {
			isa = XCSwiftPackageProductDependency;
			package = A97117DF2BC6872D0095C256 /* XCRemoteSwiftPackageReference "firebase-ios-sdk" */;
			productName = FirebaseRemoteConfig;
		};
		A97118252BC68DDB0095C256 /* FirebaseRemoteConfigSwift */ = {
			isa = XCSwiftPackageProductDependency;
			package = A97117DF2BC6872D0095C256 /* XCRemoteSwiftPackageReference "firebase-ios-sdk" */;
			productName = FirebaseRemoteConfigSwift;
		};
		A97118272BC68DDB0095C256 /* FirebaseStorage */ = {
			isa = XCSwiftPackageProductDependency;
			package = A97117DF2BC6872D0095C256 /* XCRemoteSwiftPackageReference "firebase-ios-sdk" */;
			productName = FirebaseStorage;
		};
		A97118292BC68DDB0095C256 /* FirebaseStorageCombine-Community */ = {
			isa = XCSwiftPackageProductDependency;
			package = A97117DF2BC6872D0095C256 /* XCRemoteSwiftPackageReference "firebase-ios-sdk" */;
			productName = "FirebaseStorageCombine-Community";
		};
		A97118862BCB34090095C256 /* OAuthSwift */ = {
			isa = XCSwiftPackageProductDependency;
			package = A97118852BCB33DA0095C256 /* XCRemoteSwiftPackageReference "OAuthSwift" */;
			productName = OAuthSwift;
		};
/* End XCSwiftPackageProductDependency section */
	};
	rootObject = A97117A22BBFC65E0095C256 /* Project object */;
}
